[[package]]
name = "certifi"
version = "2020.12.5"
description = "Python package for providing Mozilla's CA Bundle."
category = "main"
optional = false
python-versions = "*"

[[package]]
name = "chardet"
version = "4.0.0"
description = "Universal encoding detector for Python 2 and 3"
category = "main"
optional = false
python-versions = ">=2.7, !=3.0.*, !=3.1.*, !=3.2.*, !=3.3.*, !=3.4.*"

[[package]]
name = "idna"
version = "2.10"
description = "Internationalized Domain Names in Applications (IDNA)"
category = "main"
optional = false
python-versions = ">=2.7, !=3.0.*, !=3.1.*, !=3.2.*, !=3.3.*"

[[package]]
name = "protobuf"
version = "3.15.7"
description = "Protocol Buffers"
category = "main"
optional = false
python-versions = "*"

[package.dependencies]
six = ">=1.9"

[[package]]
name = "pyqt5"
version = "5.15.6"
description = "Python bindings for the Qt cross platform application toolkit"
category = "main"
optional = false
python-versions = ">=3.6"

[package.dependencies]
PyQt5-Qt5 = ">=5.15.2"
PyQt5-sip = ">=12.8,<13"

[[package]]
name = "pyqt5-qt5"
version = "5.15.2"
description = "The subset of a Qt installation needed by PyQt5."
category = "main"
optional = false
python-versions = "*"

[[package]]
name = "pyqt5-sip"
version = "12.8.1"
description = "The sip module support for PyQt5"
category = "main"
optional = false
python-versions = ">=3.5"

[[package]]
name = "remotezip"
version = "0.9.3"
description = "Access zip file content hosted remotely without downloading the full file."
category = "main"
optional = false
python-versions = "*"

[package.dependencies]
requests = "*"
tabulate = "*"

[[package]]
name = "requests"
version = "2.25.1"
description = "Python HTTP for Humans."
category = "main"
optional = false
python-versions = ">=2.7, !=3.0.*, !=3.1.*, !=3.2.*, !=3.3.*, !=3.4.*"

[package.dependencies]
certifi = ">=2017.4.17"
chardet = ">=3.0.2,<5"
idna = ">=2.5,<3"
urllib3 = ">=1.21.1,<1.27"

[package.extras]
security = ["pyOpenSSL (>=0.14)", "cryptography (>=1.3.4)"]
socks = ["PySocks (>=1.5.6,!=1.5.7)", "win-inet-pton"]

[[package]]
name = "six"
version = "1.15.0"
description = "Python 2 and 3 compatibility utilities"
category = "main"
optional = false
python-versions = ">=2.7, !=3.0.*, !=3.1.*, !=3.2.*"

[[package]]
name = "tabulate"
version = "0.8.9"
description = "Pretty-print tabular data"
category = "main"
optional = false
python-versions = "*"

[package.extras]
widechars = ["wcwidth"]

[[package]]
name = "urllib3"
version = "1.26.4"
description = "HTTP library with thread-safe connection pooling, file post, and more."
category = "main"
optional = false
python-versions = ">=2.7, !=3.0.*, !=3.1.*, !=3.2.*, !=3.3.*, !=3.4.*, <4"

[package.extras]
secure = ["pyOpenSSL (>=0.14)", "cryptography (>=1.3.4)", "idna (>=2.0.0)", "certifi", "ipaddress"]
socks = ["PySocks (>=1.5.6,!=1.5.7,<2.0)"]
brotli = ["brotlipy (>=0.6.0)"]

[[package]]
name = "xiaomi-flashable-firmware-creator"
version = "2.2.5"
description = "Create flashable firmware zip from MIUI Recovery ROMs!"
category = "main"
optional = false
python-versions = ">=3.6,<4.0"

[package.dependencies]
protobuf = ">=3.15.0,<4.0.0"
remotezip = ">=0.9.2,<0.10.0"

[metadata]
lock-version = "1.1"
python-versions = "^3.6"
content-hash = "9bc392c73464b8d19370688fefecc7324974dfedd87e7b1cf3fd50f52b917653"

[metadata.files]
certifi = [
    {file = "certifi-2020.12.5-py2.py3-none-any.whl", hash = "sha256:719a74fb9e33b9bd44cc7f3a8d94bc35e4049deebe19ba7d8e108280cfd59830"},
    {file = "certifi-2020.12.5.tar.gz", hash = "sha256:1a4995114262bffbc2413b159f2a1a480c969de6e6eb13ee966d470af86af59c"},
]
chardet = [
    {file = "chardet-4.0.0-py2.py3-none-any.whl", hash = "sha256:f864054d66fd9118f2e67044ac8981a54775ec5b67aed0441892edb553d21da5"},
    {file = "chardet-4.0.0.tar.gz", hash = "sha256:0d6f53a15db4120f2b08c94f11e7d93d2c911ee118b6b30a04ec3ee8310179fa"},
]
idna = [
    {file = "idna-2.10-py2.py3-none-any.whl", hash = "sha256:b97d804b1e9b523befed77c48dacec60e6dcb0b5391d57af6a65a312a90648c0"},
    {file = "idna-2.10.tar.gz", hash = "sha256:b307872f855b18632ce0c21c5e45be78c0ea7ae4c15c828c20788b26921eb3f6"},
]
protobuf = [
    {file = "protobuf-3.15.7-cp27-cp27m-macosx_10_9_x86_64.whl", hash = "sha256:a14141d5c967362d2eedff8825d2b69cc36a5b3ed6b1f618557a04e58a3cf787"},
    {file = "protobuf-3.15.7-cp27-cp27mu-manylinux1_x86_64.whl", hash = "sha256:d54d78f621852ec4fdd1484d1263ca04d4bf5ffdf7abffdbb939e444b6ff3385"},
    {file = "protobuf-3.15.7-cp35-cp35m-macosx_10_9_intel.whl", hash = "sha256:462085acdb410b06335315fe7e63cb281a1902856e0f4657f341c283cedc1d56"},
    {file = "protobuf-3.15.7-cp35-cp35m-manylinux1_x86_64.whl", hash = "sha256:849c92ce112e1ef648705c29ce044248e350f71d9d54a2026830623198f0bd38"},
    {file = "protobuf-3.15.7-cp35-cp35m-win32.whl", hash = "sha256:1f6083382f7714700deadf3014e921711e2f807de7f27e40c32b744701ae5b99"},
    {file = "protobuf-3.15.7-cp35-cp35m-win_amd64.whl", hash = "sha256:e17f60f00081adcb32068ee0bb51e418f6474acf83424244ff3512ffd2166385"},
    {file = "protobuf-3.15.7-cp36-cp36m-macosx_10_9_x86_64.whl", hash = "sha256:6c75e563c6fb2ca5b8f21dd75c15659aa2c4a0025b9da3a7711ae661cd6a488d"},
    {file = "protobuf-3.15.7-cp36-cp36m-manylinux1_x86_64.whl", hash = "sha256:d939f41b4108350841c4790ebbadb61729e1363522fdb8434eb4e6f2065d0db1"},
    {file = "protobuf-3.15.7-cp36-cp36m-win32.whl", hash = "sha256:24f14c09d4c0a3641f1b0e9b552d026361de65b01686fdd3e5fdf8f9512cd79b"},
    {file = "protobuf-3.15.7-cp36-cp36m-win_amd64.whl", hash = "sha256:1247170191bcb2a8d978d11a58afe391004ec6c2184e4d961baf8102d43ff500"},
    {file = "protobuf-3.15.7-cp37-cp37m-macosx_10_9_x86_64.whl", hash = "sha256:364cadaeec0756afdc099cbd88cb5659bd1bb7d547168d063abcb0272ccbb2f6"},
    {file = "protobuf-3.15.7-cp37-cp37m-manylinux1_x86_64.whl", hash = "sha256:0c3a6941b1e6e6e22d812a8e5c46bfe83082ea60d262a46f2cfb22d9b9fb17db"},
    {file = "protobuf-3.15.7-cp37-cp37m-win32.whl", hash = "sha256:eb5668f3f6a83b6603ca2e09be5b20de89521ea5914aabe032cce981e4129cc8"},
    {file = "protobuf-3.15.7-cp37-cp37m-win_amd64.whl", hash = "sha256:1001e671cf8476edce7fb72778358d026390649cc35a79d47b2a291684ccfbb2"},
    {file = "protobuf-3.15.7-cp38-cp38-macosx_10_9_x86_64.whl", hash = "sha256:a5ba7dd6f97964655aa7b234c95d80886425a31b7010764f042cdeb985314d18"},
    {file = "protobuf-3.15.7-cp38-cp38-manylinux1_x86_64.whl", hash = "sha256:46674bd6fcf8c63b4b9869ba579685db67cf51ae966443dd6bd9a8fa00fcef62"},
    {file = "protobuf-3.15.7-cp39-cp39-macosx_10_9_x86_64.whl", hash = "sha256:4c4399156fb27e3768313b7a59352c861a893252bda6fb9f3643beb3ebb7047e"},
    {file = "protobuf-3.15.7-cp39-cp39-manylinux1_x86_64.whl", hash = "sha256:85cd29faf056036167d87445d5a5059034c298881c044e71a73d3b61a4be1c23"},
    {file = "protobuf-3.15.7-py2.py3-none-any.whl", hash = "sha256:22054432b923c0086f9cf1e1c0c52d39bf3c6e31014ea42eec2dabc22ee26d78"},
    {file = "protobuf-3.15.7.tar.gz", hash = "sha256:2d03fc2591543cd2456d0b72230b50c4519546a8d379ac6fd3ecd84c6df61e5d"},
]
pyqt5 = [
    {file = "PyQt5-5.15.6-cp36-abi3-macosx_10_13_x86_64.whl", hash = "sha256:33ced1c876f6a26e7899615a5a4efef2167c263488837c7beed023a64cebd051"},
    {file = "PyQt5-5.15.6-cp36-abi3-manylinux1_x86_64.whl", hash = "sha256:9d6efad0377aa78bf081a20ac752ce86096ded18f04c592d98f5b92dc879ad0a"},
    {file = "PyQt5-5.15.6-cp36-abi3-win32.whl", hash = "sha256:9d2dcdaf82263ae56023410a7af15d1fd746c8e361733a7d0d1bd1f004ec2793"},
    {file = "PyQt5-5.15.6-cp36-abi3-win_amd64.whl", hash = "sha256:f411ecda52e488e1d3c5cce7563e1b2ca9cf0b7531e3c25b03d9a7e56e07e7fc"},
    {file = "PyQt5-5.15.6.tar.gz", hash = "sha256:80343bcab95ffba619f2ed2467fd828ffeb0a251ad7225be5fc06dcc333af452"},
]
pyqt5-qt5 = [
    {file = "PyQt5_Qt5-5.15.2-py3-none-macosx_10_13_intel.whl", hash = "sha256:76980cd3d7ae87e3c7a33bfebfaee84448fd650bad6840471d6cae199b56e154"},
    {file = "PyQt5_Qt5-5.15.2-py3-none-manylinux2014_x86_64.whl", hash = "sha256:1988f364ec8caf87a6ee5d5a3a5210d57539988bf8e84714c7d60972692e2f4a"},
    {file = "PyQt5_Qt5-5.15.2-py3-none-win32.whl", hash = "sha256:9cc7a768b1921f4b982ebc00a318ccb38578e44e45316c7a4a850e953e1dd327"},
    {file = "PyQt5_Qt5-5.15.2-py3-none-win_amd64.whl", hash = "sha256:750b78e4dba6bdf1607febedc08738e318ea09e9b10aea9ff0d73073f11f6962"},
]
pyqt5-sip = [
    {file = "PyQt5_sip-12.8.1-cp35-cp35m-macosx_10_6_intel.whl", hash = "sha256:bb5a87b66fc1445915104ee97f7a20a69decb42f52803e3b0795fa17ff88226c"},
    {file = "PyQt5_sip-12.8.1-cp35-cp35m-manylinux1_x86_64.whl", hash = "sha256:a29e2ac399429d3b7738f73e9081e50783e61ac5d29344e0802d0dcd6056c5a2"},
    {file = "PyQt5_sip-12.8.1-cp35-cp35m-win32.whl", hash = "sha256:0304ca9114b9817a270f67f421355075b78ff9fc25ac58ffd72c2601109d2194"},
    {file = "PyQt5_sip-12.8.1-cp35-cp35m-win_amd64.whl", hash = "sha256:84ba7746762bd223bed22428e8561aa267a229c28344c2d28c5d5d3f8970cffb"},
    {file = "PyQt5_sip-12.8.1-cp36-cp36m-macosx_10_6_intel.whl", hash = "sha256:7b81382ce188d63890a0e35abe0f9bb946cabc873a31873b73583b0fc84ac115"},
    {file = "PyQt5_sip-12.8.1-cp36-cp36m-manylinux1_x86_64.whl", hash = "sha256:b6d42250baec52a5f77de64e2951d001c5501c3a2df2179f625b241cbaec3369"},
    {file = "PyQt5_sip-12.8.1-cp36-cp36m-win32.whl", hash = "sha256:6c1ebee60f1d2b3c70aff866b7933d8d8d7646011f7c32f9321ee88c290aa4f9"},
    {file = "PyQt5_sip-12.8.1-cp36-cp36m-win_amd64.whl", hash = "sha256:34dcd29be47553d5f016ff86e89e24cbc5eebae92eb2f96fb32d2d7ba028c43c"},
    {file = "PyQt5_sip-12.8.1-cp37-cp37m-macosx_10_9_x86_64.whl", hash = "sha256:ed897c58acf4a3cdca61469daa31fe6e44c33c6c06a37c3f21fab31780b3b86a"},
    {file = "PyQt5_sip-12.8.1-cp37-cp37m-manylinux1_x86_64.whl", hash = "sha256:a1b8ef013086e224b8e86c93f880f776d01b59195bdfa2a8e0b23f0480678fec"},
    {file = "PyQt5_sip-12.8.1-cp37-cp37m-win32.whl", hash = "sha256:0cd969be528c27bbd4755bd323dff4a79a8fdda28215364e6ce3e069cb56c2a9"},
    {file = "PyQt5_sip-12.8.1-cp37-cp37m-win_amd64.whl", hash = "sha256:c9800729badcb247765e4ffe2241549d02da1fa435b9db224845bc37c3e99cb0"},
    {file = "PyQt5_sip-12.8.1-cp38-cp38-macosx_10_9_x86_64.whl", hash = "sha256:9312ec47cac4e33c11503bc1cbeeb0bdae619620472f38e2078c5a51020a930f"},
    {file = "PyQt5_sip-12.8.1-cp38-cp38-manylinux1_x86_64.whl", hash = "sha256:2f35e82fd7ec1e1f6716e9154721c7594956a4f5bd4f826d8c6a6453833cc2f0"},
    {file = "PyQt5_sip-12.8.1-cp38-cp38-win32.whl", hash = "sha256:da9c9f1e65b9d09e73bd75befc82961b6b61b5a3b9d0a7c832168e1415f163c6"},
    {file = "PyQt5_sip-12.8.1-cp38-cp38-win_amd64.whl", hash = "sha256:832fd60a264de4134c2824d393320838f3ab648180c9c357ec58a74524d24507"},
    {file = "PyQt5_sip-12.8.1-cp39-cp39-macosx_10_9_x86_64.whl", hash = "sha256:c317ab1263e6417c498b81f5c970a9b1af7acefab1f80b4cc0f2f8e661f29fc5"},
    {file = "PyQt5_sip-12.8.1-cp39-cp39-manylinux1_x86_64.whl", hash = "sha256:c9d6d448c29dc6606bb7974696608f81f4316c8234f7c7216396ed110075e777"},
    {file = "PyQt5_sip-12.8.1-cp39-cp39-win32.whl", hash = "sha256:5a011aeff89660622a6d5c3388d55a9d76932f3b82c95e82fc31abd8b1d2990d"},
    {file = "PyQt5_sip-12.8.1-cp39-cp39-win_amd64.whl", hash = "sha256:f168f0a7f32b81bfeffdf003c36f25d81c97dee5eb67072a5183e761fe250f13"},
    {file = "PyQt5_sip-12.8.1.tar.gz", hash = "sha256:30e944db9abee9cc757aea16906d4198129558533eb7fadbe48c5da2bd18e0bd"},
]
remotezip = [
    {file = "remotezip-0.9.3-py2.py3-none-any.whl", hash = "sha256:37ff87f9af49368f5a5c70b3393556e8b9dab7a9ebfcbd39cda0adf9212b9de6"},
    {file = "remotezip-0.9.3-py3-none-any.whl", hash = "sha256:72d9e96a3cb6787462354d414f42e41d542676de4db7ebe0383d8c313e01edff"},
    {file = "remotezip-0.9.3.tar.gz", hash = "sha256:baaaf288298665a3868416441925ac8dc689da9efce5fa3087b1bb6455146953"},
]
requests = [
    {file = "requests-2.25.1-py2.py3-none-any.whl", hash = "sha256:c210084e36a42ae6b9219e00e48287def368a26d03a048ddad7bfee44f75871e"},
    {file = "requests-2.25.1.tar.gz", hash = "sha256:27973dd4a904a4f13b263a19c866c13b92a39ed1c964655f025f3f8d3d75b804"},
]
six = [
    {file = "six-1.15.0-py2.py3-none-any.whl", hash = "sha256:8b74bedcbbbaca38ff6d7491d76f2b06b3592611af620f8426e82dddb04a5ced"},
    {file = "six-1.15.0.tar.gz", hash = "sha256:30639c035cdb23534cd4aa2dd52c3bf48f06e5f4a941509c8bafd8ce11080259"},
]
tabulate = [
    {file = "tabulate-0.8.9-py3-none-any.whl", hash = "sha256:d7c013fe7abbc5e491394e10fa845f8f32fe54f8dc60c6622c6cf482d25d47e4"},
    {file = "tabulate-0.8.9.tar.gz", hash = "sha256:eb1d13f25760052e8931f2ef80aaf6045a6cceb47514db8beab24cded16f13a7"},
]
urllib3 = [
    {file = "urllib3-1.26.4-py2.py3-none-any.whl", hash = "sha256:2f4da4594db7e1e110a944bb1b551fdf4e6c136ad42e4234131391e21eb5b0df"},
    {file = "urllib3-1.26.4.tar.gz", hash = "sha256:e7b021f7241115872f92f43c6508082facffbd1c048e3c6e2bb9c2a157e28937"},
]
xiaomi-flashable-firmware-creator = [
    {file = "xiaomi_flashable_firmware_creator-2.2.5-py3-none-any.whl", hash = "sha256:3d85b0f0e68cb41a0660273cde64c55b1defa5f84298dd2e058da57187c24b98"},
    {file = "xiaomi_flashable_firmware_creator-2.2.5.tar.gz", hash = "sha256:1678d6256f81fdd60efe4e826c16e0d4560d990a1bd27a112b5045ceb9ebfed1"},
]
