version = 1
revision = 3
requires-python = ">=3.12"
resolution-markers = [
    "python_full_version >= '3.13'",
    "python_full_version < '3.13'",
]

[[package]]
name = "certifi"
version = "2026.2.25"
source = { registry = "https://pypi.org/simple" }
sdist = { url = "https://files.pythonhosted.org/packages/af/2d/7bf41579a8986e348fa033a31cdd0e4121114f6bce2457e8876010b092dd/certifi-2026.2.25.tar.gz", hash = "sha256:e887ab5cee78ea814d3472169153c2d12cd43b14bd03329a39a9c6e2e80bfba7", size = 155029, upload-time = "2026-02-25T02:54:17.342Z" }
wheels = [
    { url = "https://files.pythonhosted.org/packages/9a/3c/c17fb3ca2d9c3acff52e30b309f538586f9f5b9c9cf454f3845fc9af4881/certifi-2026.2.25-py3-none-any.whl", hash = "sha256:027692e4402ad994f1c42e52a4997a9763c646b73e4096e4d5d6db8af1d6f0fa", size = 153684, upload-time = "2026-02-25T02:54:15.766Z" },
]

[[package]]
name = "charset-normalizer"
version = "3.4.6"
source = { registry = "https://pypi.org/simple" }
sdist = { url = "https://files.pythonhosted.org/packages/7b/60/e3bec1881450851b087e301bedc3daa9377a4d45f1c26aa90b0b235e38aa/charset_normalizer-3.4.6.tar.gz", hash = "sha256:1ae6b62897110aa7c79ea2f5dd38d1abca6db663687c0b1ad9aed6f6bae3d9d6", size = 143363, upload-time = "2026-03-15T18:53:25.478Z" }
wheels = [
    { url = "https://files.pythonhosted.org/packages/e5/62/c0815c992c9545347aeea7859b50dc9044d147e2e7278329c6e02ac9a616/charset_normalizer-3.4.6-cp312-cp312-macosx_10_13_universal2.whl", hash = "sha256:2ef7fedc7a6ecbe99969cd09632516738a97eeb8bd7258bf8a0f23114c057dab", size = 295154, upload-time = "2026-03-15T18:50:50.88Z" },
    { url = "https://files.pythonhosted.org/packages/a8/37/bdca6613c2e3c58c7421891d80cc3efa1d32e882f7c4a7ee6039c3fc951a/charset_normalizer-3.4.6-cp312-cp312-manylinux2014_aarch64.manylinux_2_17_aarch64.manylinux_2_28_aarch64.whl", hash = "sha256:a4ea868bc28109052790eb2b52a9ab33f3aa7adc02f96673526ff47419490e21", size = 199191, upload-time = "2026-03-15T18:50:52.658Z" },
    { url = "https://files.pythonhosted.org/packages/6c/92/9934d1bbd69f7f398b38c5dae1cbf9cc672e7c34a4adf7b17c0a9c17d15d/charset_normalizer-3.4.6-cp312-cp312-manylinux2014_ppc64le.manylinux_2_17_ppc64le.manylinux_2_28_ppc64le.whl", hash = "sha256:836ab36280f21fc1a03c99cd05c6b7af70d2697e374c7af0b61ed271401a72a2", size = 218674, upload-time = "2026-03-15T18:50:54.102Z" },
    { url = "https://files.pythonhosted.org/packages/af/90/25f6ab406659286be929fd89ab0e78e38aa183fc374e03aa3c12d730af8a/charset_normalizer-3.4.6-cp312-cp312-manylinux2014_s390x.manylinux_2_17_s390x.manylinux_2_28_s390x.whl", hash = "sha256:f1ce721c8a7dfec21fcbdfe04e8f68174183cf4e8188e0645e92aa23985c57ff", size = 215259, upload-time = "2026-03-15T18:50:55.616Z" },
    { url = "https://files.pythonhosted.org/packages/4e/ef/79a463eb0fff7f96afa04c1d4c51f8fc85426f918db467854bfb6a569ce3/charset_normalizer-3.4.6-cp312-cp312-manylinux2014_x86_64.manylinux_2_17_x86_64.manylinux_2_28_x86_64.whl", hash = "sha256:0e28d62a8fc7a1fa411c43bd65e346f3bce9716dc51b897fbe930c5987b402d5", size = 207276, upload-time = "2026-03-15T18:50:57.054Z" },
    { url = "https://files.pythonhosted.org/packages/f7/72/d0426afec4b71dc159fa6b4e68f868cd5a3ecd918fec5813a15d292a7d10/charset_normalizer-3.4.6-cp312-cp312-manylinux_2_31_armv7l.whl", hash = "sha256:530d548084c4a9f7a16ed4a294d459b4f229db50df689bfe92027452452943a0", size = 195161, upload-time = "2026-03-15T18:50:58.686Z" },
    { url = "https://files.pythonhosted.org/packages/bf/18/c82b06a68bfcb6ce55e508225d210c7e6a4ea122bfc0748892f3dc4e8e11/charset_normalizer-3.4.6-cp312-cp312-manylinux_2_31_riscv64.manylinux_2_39_riscv64.whl", hash = "sha256:30f445ae60aad5e1f8bdbb3108e39f6fbc09f4ea16c815c66578878325f8f15a", size = 203452, upload-time = "2026-03-15T18:51:00.196Z" },
    { url = "https://files.pythonhosted.org/packages/44/d6/0c25979b92f8adafdbb946160348d8d44aa60ce99afdc27df524379875cb/charset_normalizer-3.4.6-cp312-cp312-musllinux_1_2_aarch64.whl", hash = "sha256:ac2393c73378fea4e52aa56285a3d64be50f1a12395afef9cce47772f60334c2", size = 202272, upload-time = "2026-03-15T18:51:01.703Z" },
    { url = "https://files.pythonhosted.org/packages/2e/3d/7fea3e8fe84136bebbac715dd1221cc25c173c57a699c030ab9b8900cbb7/charset_normalizer-3.4.6-cp312-cp312-musllinux_1_2_armv7l.whl", hash = "sha256:90ca27cd8da8118b18a52d5f547859cc1f8354a00cd1e8e5120df3e30d6279e5", size = 195622, upload-time = "2026-03-15T18:51:03.526Z" },
    { url = "https://files.pythonhosted.org/packages/57/8a/d6f7fd5cb96c58ef2f681424fbca01264461336d2a7fc875e4446b1f1346/charset_normalizer-3.4.6-cp312-cp312-musllinux_1_2_ppc64le.whl", hash = "sha256:8e5a94886bedca0f9b78fecd6afb6629142fd2605aa70a125d49f4edc6037ee6", size = 220056, upload-time = "2026-03-15T18:51:05.269Z" },
    { url = "https://files.pythonhosted.org/packages/16/50/478cdda782c8c9c3fb5da3cc72dd7f331f031e7f1363a893cdd6ca0f8de0/charset_normalizer-3.4.6-cp312-cp312-musllinux_1_2_riscv64.whl", hash = "sha256:695f5c2823691a25f17bc5d5ffe79fa90972cc34b002ac6c843bb8a1720e950d", size = 203751, upload-time = "2026-03-15T18:51:06.858Z" },
    { url = "https://files.pythonhosted.org/packages/75/fc/cc2fcac943939c8e4d8791abfa139f685e5150cae9f94b60f12520feaa9b/charset_normalizer-3.4.6-cp312-cp312-musllinux_1_2_s390x.whl", hash = "sha256:231d4da14bcd9301310faf492051bee27df11f2bc7549bc0bb41fef11b82daa2", size = 216563, upload-time = "2026-03-15T18:51:08.564Z" },
    { url = "https://files.pythonhosted.org/packages/a8/b7/a4add1d9a5f68f3d037261aecca83abdb0ab15960a3591d340e829b37298/charset_normalizer-3.4.6-cp312-cp312-musllinux_1_2_x86_64.whl", hash = "sha256:a056d1ad2633548ca18ffa2f85c202cfb48b68615129143915b8dc72a806a923", size = 209265, upload-time = "2026-03-15T18:51:10.312Z" },
    { url = "https://files.pythonhosted.org/packages/6c/18/c094561b5d64a24277707698e54b7f67bd17a4f857bbfbb1072bba07c8bf/charset_normalizer-3.4.6-cp312-cp312-win32.whl", hash = "sha256:c2274ca724536f173122f36c98ce188fd24ce3dad886ec2b7af859518ce008a4", size = 144229, upload-time = "2026-03-15T18:51:11.694Z" },
    { url = "https://files.pythonhosted.org/packages/ab/20/0567efb3a8fd481b8f34f739ebddc098ed062a59fed41a8d193a61939e8f/charset_normalizer-3.4.6-cp312-cp312-win_amd64.whl", hash = "sha256:c8ae56368f8cc97c7e40a7ee18e1cedaf8e780cd8bc5ed5ac8b81f238614facb", size = 154277, upload-time = "2026-03-15T18:51:13.004Z" },
    { url = "https://files.pythonhosted.org/packages/15/57/28d79b44b51933119e21f65479d0864a8d5893e494cf5daab15df0247c17/charset_normalizer-3.4.6-cp312-cp312-win_arm64.whl", hash = "sha256:899d28f422116b08be5118ef350c292b36fc15ec2daeb9ea987c89281c7bb5c4", size = 142817, upload-time = "2026-03-15T18:51:14.408Z" },
    { url = "https://files.pythonhosted.org/packages/1e/1d/4fdabeef4e231153b6ed7567602f3b68265ec4e5b76d6024cf647d43d981/charset_normalizer-3.4.6-cp313-cp313-macosx_10_13_universal2.whl", hash = "sha256:11afb56037cbc4b1555a34dd69151e8e069bee82e613a73bef6e714ce733585f", size = 294823, upload-time = "2026-03-15T18:51:15.755Z" },
    { url = "https://files.pythonhosted.org/packages/47/7b/20e809b89c69d37be748d98e84dce6820bf663cf19cf6b942c951a3e8f41/charset_normalizer-3.4.6-cp313-cp313-manylinux2014_aarch64.manylinux_2_17_aarch64.manylinux_2_28_aarch64.whl", hash = "sha256:423fb7e748a08f854a08a222b983f4df1912b1daedce51a72bd24fe8f26a1843", size = 198527, upload-time = "2026-03-15T18:51:17.177Z" },
    { url = "https://files.pythonhosted.org/packages/37/a6/4f8d27527d59c039dce6f7622593cdcd3d70a8504d87d09eb11e9fdc6062/charset_normalizer-3.4.6-cp313-cp313-manylinux2014_ppc64le.manylinux_2_17_ppc64le.manylinux_2_28_ppc64le.whl", hash = "sha256:d73beaac5e90173ac3deb9928a74763a6d230f494e4bfb422c217a0ad8e629bf", size = 218388, upload-time = "2026-03-15T18:51:18.934Z" },
    { url = "https://files.pythonhosted.org/packages/f6/9b/4770ccb3e491a9bacf1c46cc8b812214fe367c86a96353ccc6daf87b01ec/charset_normalizer-3.4.6-cp313-cp313-manylinux2014_s390x.manylinux_2_17_s390x.manylinux_2_28_s390x.whl", hash = "sha256:d60377dce4511655582e300dc1e5a5f24ba0cb229005a1d5c8d0cb72bb758ab8", size = 214563, upload-time = "2026-03-15T18:51:20.374Z" },
    { url = "https://files.pythonhosted.org/packages/2b/58/a199d245894b12db0b957d627516c78e055adc3a0d978bc7f65ddaf7c399/charset_normalizer-3.4.6-cp313-cp313-manylinux2014_x86_64.manylinux_2_17_x86_64.manylinux_2_28_x86_64.whl", hash = "sha256:530e8cebeea0d76bdcf93357aa5e41336f48c3dc709ac52da2bb167c5b8271d9", size = 206587, upload-time = "2026-03-15T18:51:21.807Z" },
    { url = "https://files.pythonhosted.org/packages/7e/70/3def227f1ec56f5c69dfc8392b8bd63b11a18ca8178d9211d7cc5e5e4f27/charset_normalizer-3.4.6-cp313-cp313-manylinux_2_31_armv7l.whl", hash = "sha256:a26611d9987b230566f24a0a125f17fe0de6a6aff9f25c9f564aaa2721a5fb88", size = 194724, upload-time = "2026-03-15T18:51:23.508Z" },
    { url = "https://files.pythonhosted.org/packages/58/ab/9318352e220c05efd31c2779a23b50969dc94b985a2efa643ed9077bfca5/charset_normalizer-3.4.6-cp313-cp313-manylinux_2_31_riscv64.manylinux_2_39_riscv64.whl", hash = "sha256:34315ff4fc374b285ad7f4a0bf7dcbfe769e1b104230d40f49f700d4ab6bbd84", size = 202956, upload-time = "2026-03-15T18:51:25.239Z" },
    { url = "https://files.pythonhosted.org/packages/75/13/f3550a3ac25b70f87ac98c40d3199a8503676c2f1620efbf8d42095cfc40/charset_normalizer-3.4.6-cp313-cp313-musllinux_1_2_aarch64.whl", hash = "sha256:5f8ddd609f9e1af8c7bd6e2aca279c931aefecd148a14402d4e368f3171769fd", size = 201923, upload-time = "2026-03-15T18:51:26.682Z" },
    { url = "https://files.pythonhosted.org/packages/1b/db/c5c643b912740b45e8eec21de1bbab8e7fc085944d37e1e709d3dcd9d72f/charset_normalizer-3.4.6-cp313-cp313-musllinux_1_2_armv7l.whl", hash = "sha256:80d0a5615143c0b3225e5e3ef22c8d5d51f3f72ce0ea6fb84c943546c7b25b6c", size = 195366, upload-time = "2026-03-15T18:51:28.129Z" },
    { url = "https://files.pythonhosted.org/packages/5a/67/3b1c62744f9b2448443e0eb160d8b001c849ec3fef591e012eda6484787c/charset_normalizer-3.4.6-cp313-cp313-musllinux_1_2_ppc64le.whl", hash = "sha256:92734d4d8d187a354a556626c221cd1a892a4e0802ccb2af432a1d85ec012194", size = 219752, upload-time = "2026-03-15T18:51:29.556Z" },
    { url = "https://files.pythonhosted.org/packages/f6/98/32ffbaf7f0366ffb0445930b87d103f6b406bc2c271563644bde8a2b1093/charset_normalizer-3.4.6-cp313-cp313-musllinux_1_2_riscv64.whl", hash = "sha256:613f19aa6e082cf96e17e3ffd89383343d0d589abda756b7764cf78361fd41dc", size = 203296, upload-time = "2026-03-15T18:51:30.921Z" },
    { url = "https://files.pythonhosted.org/packages/41/12/5d308c1bbe60cabb0c5ef511574a647067e2a1f631bc8634fcafaccd8293/charset_normalizer-3.4.6-cp313-cp313-musllinux_1_2_s390x.whl", hash = "sha256:2b1a63e8224e401cafe7739f77efd3f9e7f5f2026bda4aead8e59afab537784f", size = 215956, upload-time = "2026-03-15T18:51:32.399Z" },
    { url = "https://files.pythonhosted.org/packages/53/e9/5f85f6c5e20669dbe56b165c67b0260547dea97dba7e187938833d791687/charset_normalizer-3.4.6-cp313-cp313-musllinux_1_2_x86_64.whl", hash = "sha256:6cceb5473417d28edd20c6c984ab6fee6c6267d38d906823ebfe20b03d607dc2", size = 208652, upload-time = "2026-03-15T18:51:34.214Z" },
    { url = "https://files.pythonhosted.org/packages/f1/11/897052ea6af56df3eef3ca94edafee410ca699ca0c7b87960ad19932c55e/charset_normalizer-3.4.6-cp313-cp313-win32.whl", hash = "sha256:d7de2637729c67d67cf87614b566626057e95c303bc0a55ffe391f5205e7003d", size = 143940, upload-time = "2026-03-15T18:51:36.15Z" },
    { url = "https://files.pythonhosted.org/packages/a1/5c/724b6b363603e419829f561c854b87ed7c7e31231a7908708ac086cdf3e2/charset_normalizer-3.4.6-cp313-cp313-win_amd64.whl", hash = "sha256:572d7c822caf521f0525ba1bce1a622a0b85cf47ffbdae6c9c19e3b5ac3c4389", size = 154101, upload-time = "2026-03-15T18:51:37.876Z" },
    { url = "https://files.pythonhosted.org/packages/01/a5/7abf15b4c0968e47020f9ca0935fb3274deb87cb288cd187cad92e8cdffd/charset_normalizer-3.4.6-cp313-cp313-win_arm64.whl", hash = "sha256:a4474d924a47185a06411e0064b803c68be044be2d60e50e8bddcc2649957c1f", size = 143109, upload-time = "2026-03-15T18:51:39.565Z" },
    { url = "https://files.pythonhosted.org/packages/25/6f/ffe1e1259f384594063ea1869bfb6be5cdb8bc81020fc36c3636bc8302a1/charset_normalizer-3.4.6-cp314-cp314-macosx_10_15_universal2.whl", hash = "sha256:9cc6e6d9e571d2f863fa77700701dae73ed5f78881efc8b3f9a4398772ff53e8", size = 294458, upload-time = "2026-03-15T18:51:41.134Z" },
    { url = "https://files.pythonhosted.org/packages/56/60/09bb6c13a8c1016c2ed5c6a6488e4ffef506461aa5161662bd7636936fb1/charset_normalizer-3.4.6-cp314-cp314-manylinux2014_aarch64.manylinux_2_17_aarch64.manylinux_2_28_aarch64.whl", hash = "sha256:ef5960d965e67165d75b7c7ffc60a83ec5abfc5c11b764ec13ea54fbef8b4421", size = 199277, upload-time = "2026-03-15T18:51:42.953Z" },
    { url = "https://files.pythonhosted.org/packages/00/50/dcfbb72a5138bbefdc3332e8d81a23494bf67998b4b100703fd15fa52d81/charset_normalizer-3.4.6-cp314-cp314-manylinux2014_ppc64le.manylinux_2_17_ppc64le.manylinux_2_28_ppc64le.whl", hash = "sha256:b3694e3f87f8ac7ce279d4355645b3c878d24d1424581b46282f24b92f5a4ae2", size = 218758, upload-time = "2026-03-15T18:51:44.339Z" },
    { url = "https://files.pythonhosted.org/packages/03/b3/d79a9a191bb75f5aa81f3aaaa387ef29ce7cb7a9e5074ba8ea095cc073c2/charset_normalizer-3.4.6-cp314-cp314-manylinux2014_s390x.manylinux_2_17_s390x.manylinux_2_28_s390x.whl", hash = "sha256:5d11595abf8dd942a77883a39d81433739b287b6aa71620f15164f8096221b30", size = 215299, upload-time = "2026-03-15T18:51:45.871Z" },
    { url = "https://files.pythonhosted.org/packages/76/7e/bc8911719f7084f72fd545f647601ea3532363927f807d296a8c88a62c0d/charset_normalizer-3.4.6-cp314-cp314-manylinux2014_x86_64.manylinux_2_17_x86_64.manylinux_2_28_x86_64.whl", hash = "sha256:7bda6eebafd42133efdca535b04ccb338ab29467b3f7bf79569883676fc628db", size = 206811, upload-time = "2026-03-15T18:51:47.308Z" },
    { url = "https://files.pythonhosted.org/packages/e2/40/c430b969d41dda0c465aa36cc7c2c068afb67177bef50905ac371b28ccc7/charset_normalizer-3.4.6-cp314-cp314-manylinux_2_31_armv7l.whl", hash = "sha256:bbc8c8650c6e51041ad1be191742b8b421d05bbd3410f43fa2a00c8db87678e8", size = 193706, upload-time = "2026-03-15T18:51:48.849Z" },
    { url = "https://files.pythonhosted.org/packages/48/15/e35e0590af254f7df984de1323640ef375df5761f615b6225ba8deb9799a/charset_normalizer-3.4.6-cp314-cp314-manylinux_2_31_riscv64.manylinux_2_39_riscv64.whl", hash = "sha256:22c6f0c2fbc31e76c3b8a86fba1a56eda6166e238c29cdd3d14befdb4a4e4815", size = 202706, upload-time = "2026-03-15T18:51:50.257Z" },
    { url = "https://files.pythonhosted.org/packages/5e/bd/f736f7b9cc5e93a18b794a50346bb16fbfd6b37f99e8f306f7951d27c17c/charset_normalizer-3.4.6-cp314-cp314-musllinux_1_2_aarch64.whl", hash = "sha256:7edbed096e4a4798710ed6bc75dcaa2a21b68b6c356553ac4823c3658d53743a", size = 202497, upload-time = "2026-03-15T18:51:52.012Z" },
    { url = "https://files.pythonhosted.org/packages/9d/ba/2cc9e3e7dfdf7760a6ed8da7446d22536f3d0ce114ac63dee2a5a3599e62/charset_normalizer-3.4.6-cp314-cp314-musllinux_1_2_armv7l.whl", hash = "sha256:7f9019c9cb613f084481bd6a100b12e1547cf2efe362d873c2e31e4035a6fa43", size = 193511, upload-time = "2026-03-15T18:51:53.723Z" },
    { url = "https://files.pythonhosted.org/packages/9e/cb/5be49b5f776e5613be07298c80e1b02a2d900f7a7de807230595c85a8b2e/charset_normalizer-3.4.6-cp314-cp314-musllinux_1_2_ppc64le.whl", hash = "sha256:58c948d0d086229efc484fe2f30c2d382c86720f55cd9bc33591774348ad44e0", size = 220133, upload-time = "2026-03-15T18:51:55.333Z" },
    { url = "https://files.pythonhosted.org/packages/83/43/99f1b5dad345accb322c80c7821071554f791a95ee50c1c90041c157ae99/charset_normalizer-3.4.6-cp314-cp314-musllinux_1_2_riscv64.whl", hash = "sha256:419a9d91bd238052642a51938af8ac05da5b3343becde08d5cdeab9046df9ee1", size = 203035, upload-time = "2026-03-15T18:51:56.736Z" },
    { url = "https://files.pythonhosted.org/packages/87/9a/62c2cb6a531483b55dddff1a68b3d891a8b498f3ca555fbcf2978e804d9d/charset_normalizer-3.4.6-cp314-cp314-musllinux_1_2_s390x.whl", hash = "sha256:5273b9f0b5835ff0350c0828faea623c68bfa65b792720c453e22b25cc72930f", size = 216321, upload-time = "2026-03-15T18:51:58.17Z" },
    { url = "https://files.pythonhosted.org/packages/6e/79/94a010ff81e3aec7c293eb82c28f930918e517bc144c9906a060844462eb/charset_normalizer-3.4.6-cp314-cp314-musllinux_1_2_x86_64.whl", hash = "sha256:0e901eb1049fdb80f5bd11ed5ea1e498ec423102f7a9b9e4645d5b8204ff2815", size = 208973, upload-time = "2026-03-15T18:51:59.998Z" },
    { url = "https://files.pythonhosted.org/packages/2a/57/4ecff6d4ec8585342f0c71bc03efaa99cb7468f7c91a57b105bcd561cea8/charset_normalizer-3.4.6-cp314-cp314-win32.whl", hash = "sha256:b4ff1d35e8c5bd078be89349b6f3a845128e685e751b6ea1169cf2160b344c4d", size = 144610, upload-time = "2026-03-15T18:52:02.213Z" },
    { url = "https://files.pythonhosted.org/packages/80/94/8434a02d9d7f168c25767c64671fead8d599744a05d6a6c877144c754246/charset_normalizer-3.4.6-cp314-cp314-win_amd64.whl", hash = "sha256:74119174722c4349af9708993118581686f343adc1c8c9c007d59be90d077f3f", size = 154962, upload-time = "2026-03-15T18:52:03.658Z" },
    { url = "https://files.pythonhosted.org/packages/46/4c/48f2cdbfd923026503dfd67ccea45c94fd8fe988d9056b468579c66ed62b/charset_normalizer-3.4.6-cp314-cp314-win_arm64.whl", hash = "sha256:e5bcc1a1ae744e0bb59641171ae53743760130600da8db48cbb6e4918e186e4e", size = 143595, upload-time = "2026-03-15T18:52:05.123Z" },
    { url = "https://files.pythonhosted.org/packages/31/93/8878be7569f87b14f1d52032946131bcb6ebbd8af3e20446bc04053dc3f1/charset_normalizer-3.4.6-cp314-cp314t-macosx_10_15_universal2.whl", hash = "sha256:ad8faf8df23f0378c6d527d8b0b15ea4a2e23c89376877c598c4870d1b2c7866", size = 314828, upload-time = "2026-03-15T18:52:06.831Z" },
    { url = "https://files.pythonhosted.org/packages/06/b6/fae511ca98aac69ecc35cde828b0a3d146325dd03d99655ad38fc2cc3293/charset_normalizer-3.4.6-cp314-cp314t-manylinux2014_aarch64.manylinux_2_17_aarch64.manylinux_2_28_aarch64.whl", hash = "sha256:f5ea69428fa1b49573eef0cc44a1d43bebd45ad0c611eb7d7eac760c7ae771bc", size = 208138, upload-time = "2026-03-15T18:52:08.239Z" },
    { url = "https://files.pythonhosted.org/packages/54/57/64caf6e1bf07274a1e0b7c160a55ee9e8c9ec32c46846ce59b9c333f7008/charset_normalizer-3.4.6-cp314-cp314t-manylinux2014_ppc64le.manylinux_2_17_ppc64le.manylinux_2_28_ppc64le.whl", hash = "sha256:06a7e86163334edfc5d20fe104db92fcd666e5a5df0977cb5680a506fe26cc8e", size = 224679, upload-time = "2026-03-15T18:52:10.043Z" },
    { url = "https://files.pythonhosted.org/packages/aa/cb/9ff5a25b9273ef160861b41f6937f86fae18b0792fe0a8e75e06acb08f1d/charset_normalizer-3.4.6-cp314-cp314t-manylinux2014_s390x.manylinux_2_17_s390x.manylinux_2_28_s390x.whl", hash = "sha256:e1f6e2f00a6b8edb562826e4632e26d063ac10307e80f7461f7de3ad8ef3f077", size = 223475, upload-time = "2026-03-15T18:52:11.854Z" },
    { url = "https://files.pythonhosted.org/packages/fc/97/440635fc093b8d7347502a377031f9605a1039c958f3cd18dcacffb37743/charset_normalizer-3.4.6-cp314-cp314t-manylinux2014_x86_64.manylinux_2_17_x86_64.manylinux_2_28_x86_64.whl", hash = "sha256:95b52c68d64c1878818687a473a10547b3292e82b6f6fe483808fb1468e2f52f", size = 215230, upload-time = "2026-03-15T18:52:13.325Z" },
    { url = "https://files.pythonhosted.org/packages/cd/24/afff630feb571a13f07c8539fbb502d2ab494019492aaffc78ef41f1d1d0/charset_normalizer-3.4.6-cp314-cp314t-manylinux_2_31_armv7l.whl", hash = "sha256:7504e9b7dc05f99a9bbb4525c67a2c155073b44d720470a148b34166a69c054e", size = 199045, upload-time = "2026-03-15T18:52:14.752Z" },
    { url = "https://files.pythonhosted.org/packages/e5/17/d1399ecdaf7e0498c327433e7eefdd862b41236a7e484355b8e0e5ebd64b/charset_normalizer-3.4.6-cp314-cp314t-manylinux_2_31_riscv64.manylinux_2_39_riscv64.whl", hash = "sha256:172985e4ff804a7ad08eebec0a1640ece87ba5041d565fff23c8f99c1f389484", size = 211658, upload-time = "2026-03-15T18:52:16.278Z" },
    { url = "https://files.pythonhosted.org/packages/b5/38/16baa0affb957b3d880e5ac2144caf3f9d7de7bc4a91842e447fbb5e8b67/charset_normalizer-3.4.6-cp314-cp314t-musllinux_1_2_aarch64.whl", hash = "sha256:4be9f4830ba8741527693848403e2c457c16e499100963ec711b1c6f2049b7c7", size = 210769, upload-time = "2026-03-15T18:52:17.782Z" },
    { url = "https://files.pythonhosted.org/packages/05/34/c531bc6ac4c21da9ddfddb3107be2287188b3ea4b53b70fc58f2a77ac8d8/charset_normalizer-3.4.6-cp314-cp314t-musllinux_1_2_armv7l.whl", hash = "sha256:79090741d842f564b1b2827c0b82d846405b744d31e84f18d7a7b41c20e473ff", size = 201328, upload-time = "2026-03-15T18:52:19.553Z" },
    { url = "https://files.pythonhosted.org/packages/fa/73/a5a1e9ca5f234519c1953608a03fe109c306b97fdfb25f09182babad51a7/charset_normalizer-3.4.6-cp314-cp314t-musllinux_1_2_ppc64le.whl", hash = "sha256:87725cfb1a4f1f8c2fc9890ae2f42094120f4b44db9360be5d99a4c6b0e03a9e", size = 225302, upload-time = "2026-03-15T18:52:21.043Z" },
    { url = "https://files.pythonhosted.org/packages/ba/f6/cd782923d112d296294dea4bcc7af5a7ae0f86ab79f8fefbda5526b6cfc0/charset_normalizer-3.4.6-cp314-cp314t-musllinux_1_2_riscv64.whl", hash = "sha256:fcce033e4021347d80ed9c66dcf1e7b1546319834b74445f561d2e2221de5659", size = 211127, upload-time = "2026-03-15T18:52:22.491Z" },
    { url = "https://files.pythonhosted.org/packages/0e/c5/0b6898950627af7d6103a449b22320372c24c6feda91aa24e201a478d161/charset_normalizer-3.4.6-cp314-cp314t-musllinux_1_2_s390x.whl", hash = "sha256:ca0276464d148c72defa8bb4390cce01b4a0e425f3b50d1435aa6d7a18107602", size = 222840, upload-time = "2026-03-15T18:52:24.113Z" },
    { url = "https://files.pythonhosted.org/packages/7d/25/c4bba773bef442cbdc06111d40daa3de5050a676fa26e85090fc54dd12f0/charset_normalizer-3.4.6-cp314-cp314t-musllinux_1_2_x86_64.whl", hash = "sha256:197c1a244a274bb016dd8b79204850144ef77fe81c5b797dc389327adb552407", size = 216890, upload-time = "2026-03-15T18:52:25.541Z" },
    { url = "https://files.pythonhosted.org/packages/35/1a/05dacadb0978da72ee287b0143097db12f2e7e8d3ffc4647da07a383b0b7/charset_normalizer-3.4.6-cp314-cp314t-win32.whl", hash = "sha256:2a24157fa36980478dd1770b585c0f30d19e18f4fb0c47c13aa568f871718579", size = 155379, upload-time = "2026-03-15T18:52:27.05Z" },
    { url = "https://files.pythonhosted.org/packages/5d/7a/d269d834cb3a76291651256f3b9a5945e81d0a49ab9f4a498964e83c0416/charset_normalizer-3.4.6-cp314-cp314t-win_amd64.whl", hash = "sha256:cd5e2801c89992ed8c0a3f0293ae83c159a60d9a5d685005383ef4caca77f2c4", size = 169043, upload-time = "2026-03-15T18:52:28.502Z" },
    { url = "https://files.pythonhosted.org/packages/23/06/28b29fba521a37a8932c6a84192175c34d49f84a6d4773fa63d05f9aff22/charset_normalizer-3.4.6-cp314-cp314t-win_arm64.whl", hash = "sha256:47955475ac79cc504ef2704b192364e51d0d473ad452caedd0002605f780101c", size = 148523, upload-time = "2026-03-15T18:52:29.956Z" },
    { url = "https://files.pythonhosted.org/packages/2a/68/687187c7e26cb24ccbd88e5069f5ef00eba804d36dde11d99aad0838ab45/charset_normalizer-3.4.6-py3-none-any.whl", hash = "sha256:947cf925bc916d90adba35a64c82aace04fa39b46b52d4630ece166655905a69", size = 61455, upload-time = "2026-03-15T18:53:23.833Z" },
]

[[package]]
name = "idna"
version = "3.11"
source = { registry = "https://pypi.org/simple" }
sdist = { url = "https://files.pythonhosted.org/packages/6f/6d/0703ccc57f3a7233505399edb88de3cbd678da106337b9fcde432b65ed60/idna-3.11.tar.gz", hash = "sha256:795dafcc9c04ed0c1fb032c2aa73654d8e8c5023a7df64a53f39190ada629902", size = 194582, upload-time = "2025-10-12T14:55:20.501Z" }
wheels = [
    { url = "https://files.pythonhosted.org/packages/0e/61/66938bbb5fc52dbdf84594873d5b51fb1f7c7794e9c0f5bd885f30bc507b/idna-3.11-py3-none-any.whl", hash = "sha256:771a87f49d9defaf64091e6e6fe9c18d4833f140bd19464795bc32d966ca37ea", size = 71008, upload-time = "2025-10-12T14:55:18.883Z" },
]

[[package]]
name = "protobuf"
version = "5.29.6"
source = { registry = "https://pypi.org/simple" }
sdist = { url = "https://files.pythonhosted.org/packages/7e/57/394a763c103e0edf87f0938dafcd918d53b4c011dfc5c8ae80f3b0452dbb/protobuf-5.29.6.tar.gz", hash = "sha256:da9ee6a5424b6b30fd5e45c5ea663aef540ca95f9ad99d1e887e819cdf9b8723", size = 425623, upload-time = "2026-02-04T22:54:40.584Z" }
wheels = [
    { url = "https://files.pythonhosted.org/packages/d4/88/9ee58ff7863c479d6f8346686d4636dd4c415b0cbeed7a6a7d0617639c2a/protobuf-5.29.6-cp310-abi3-win32.whl", hash = "sha256:62e8a3114992c7c647bce37dcc93647575fc52d50e48de30c6fcb28a6a291eb1", size = 423357, upload-time = "2026-02-04T22:54:25.805Z" },
    { url = "https://files.pythonhosted.org/packages/1c/66/2dc736a4d576847134fb6d80bd995c569b13cdc7b815d669050bf0ce2d2c/protobuf-5.29.6-cp310-abi3-win_amd64.whl", hash = "sha256:7e6ad413275be172f67fdee0f43484b6de5a904cc1c3ea9804cb6fe2ff366eda", size = 435175, upload-time = "2026-02-04T22:54:28.592Z" },
    { url = "https://files.pythonhosted.org/packages/06/db/49b05966fd208ae3f44dcd33837b6243b4915c57561d730a43f881f24dea/protobuf-5.29.6-cp38-abi3-macosx_10_9_universal2.whl", hash = "sha256:b5a169e664b4057183a34bdc424540e86eea47560f3c123a0d64de4e137f9269", size = 418619, upload-time = "2026-02-04T22:54:30.266Z" },
    { url = "https://files.pythonhosted.org/packages/b7/d7/48cbf6b0c3c39761e47a99cb483405f0fde2be22cf00d71ef316ce52b458/protobuf-5.29.6-cp38-abi3-manylinux2014_aarch64.whl", hash = "sha256:a8866b2cff111f0f863c1b3b9e7572dc7eaea23a7fae27f6fc613304046483e6", size = 320284, upload-time = "2026-02-04T22:54:31.782Z" },
    { url = "https://files.pythonhosted.org/packages/e3/dd/cadd6ec43069247d91f6345fa7a0d2858bef6af366dbd7ba8f05d2c77d3b/protobuf-5.29.6-cp38-abi3-manylinux2014_x86_64.whl", hash = "sha256:e3387f44798ac1106af0233c04fb8abf543772ff241169946f698b3a9a3d3ab9", size = 320478, upload-time = "2026-02-04T22:54:32.909Z" },
    { url = "https://files.pythonhosted.org/packages/5a/cb/e3065b447186cb70aa65acc70c86baf482d82bf75625bf5a2c4f6919c6a3/protobuf-5.29.6-py3-none-any.whl", hash = "sha256:6b9edb641441b2da9fa8f428760fc136a49cf97a52076010cf22a2ff73438a86", size = 173126, upload-time = "2026-02-04T22:54:39.462Z" },
]

[[package]]
name = "pyqt5"
version = "5.15.11"
source = { registry = "https://pypi.org/simple" }
dependencies = [
    { name = "pyqt5-qt5" },
    { name = "pyqt5-sip" },
]
sdist = { url = "https://files.pythonhosted.org/packages/0e/07/c9ed0bd428df6f87183fca565a79fee19fa7c88c7f00a7f011ab4379e77a/PyQt5-5.15.11.tar.gz", hash = "sha256:fda45743ebb4a27b4b1a51c6d8ef455c4c1b5d610c90d2934c7802b5c1557c52", size = 3216775, upload-time = "2024-07-19T08:39:57.756Z" }
wheels = [
    { url = "https://files.pythonhosted.org/packages/11/64/42ec1b0bd72d87f87bde6ceb6869f444d91a2d601f2e67cd05febc0346a1/PyQt5-5.15.11-cp38-abi3-macosx_11_0_arm64.whl", hash = "sha256:c8b03dd9380bb13c804f0bdb0f4956067f281785b5e12303d529f0462f9afdc2", size = 6579776, upload-time = "2024-07-19T08:39:19.775Z" },
    { url = "https://files.pythonhosted.org/packages/49/f5/3fb696f4683ea45d68b7e77302eff173493ac81e43d63adb60fa760b9f91/PyQt5-5.15.11-cp38-abi3-macosx_11_0_x86_64.whl", hash = "sha256:6cd75628f6e732b1ffcfe709ab833a0716c0445d7aec8046a48d5843352becb6", size = 7016415, upload-time = "2024-07-19T08:39:32.977Z" },
    { url = "https://files.pythonhosted.org/packages/b4/8c/4065950f9d013c4b2e588fe33cf04e564c2322842d84dbcbce5ba1dc28b0/PyQt5-5.15.11-cp38-abi3-manylinux_2_17_x86_64.whl", hash = "sha256:cd672a6738d1ae33ef7d9efa8e6cb0a1525ecf53ec86da80a9e1b6ec38c8d0f1", size = 8188103, upload-time = "2024-07-19T08:39:40.561Z" },
    { url = "https://files.pythonhosted.org/packages/f3/f0/ae5a5b4f9b826b29ea4be841b2f2d951bcf5ae1d802f3732b145b57c5355/PyQt5-5.15.11-cp38-abi3-win32.whl", hash = "sha256:76be0322ceda5deecd1708a8d628e698089a1cea80d1a49d242a6d579a40babd", size = 5433308, upload-time = "2024-07-19T08:39:46.932Z" },
    { url = "https://files.pythonhosted.org/packages/56/d5/68eb9f3d19ce65df01b6c7b7a577ad3bbc9ab3a5dd3491a4756e71838ec9/PyQt5-5.15.11-cp38-abi3-win_amd64.whl", hash = "sha256:bdde598a3bb95022131a5c9ea62e0a96bd6fb28932cc1619fd7ba211531b7517", size = 6865864, upload-time = "2024-07-19T08:39:53.572Z" },
]

[[package]]
name = "pyqt5-qt5"
version = "5.15.18"
source = { registry = "https://pypi.org/simple" }
wheels = [
    { url = "https://files.pythonhosted.org/packages/46/90/bf01ac2132400997a3474051dd680a583381ebf98b2f5d64d4e54138dc42/pyqt5_qt5-5.15.18-py3-none-macosx_10_13_x86_64.whl", hash = "sha256:8bb997eb903afa9da3221a0c9e6eaa00413bbeb4394d5706118ad05375684767", size = 39715743, upload-time = "2025-11-09T12:56:42.936Z" },
    { url = "https://files.pythonhosted.org/packages/24/8e/76366484d9f9dbe28e3bdfc688183433a7b82e314216e9b14c89e5fab690/pyqt5_qt5-5.15.18-py3-none-macosx_11_0_arm64.whl", hash = "sha256:c656af9c1e6aaa7f59bf3d8995f2fa09adbf6762b470ed284c31dca80d686a26", size = 36798484, upload-time = "2025-11-09T12:56:59.998Z" },
    { url = "https://files.pythonhosted.org/packages/9a/46/ffe177f99f897a59dc237a20059020427bd2d3853d713992b8081933ddfe/pyqt5_qt5-5.15.18-py3-none-manylinux2014_x86_64.whl", hash = "sha256:bf2457e6371969736b4f660a0c153258fa03dbc6a181348218e6f05421682af7", size = 60864590, upload-time = "2025-11-09T12:57:26.724Z" },
]

[[package]]
name = "pyqt5-sip"
version = "12.18.0"
source = { registry = "https://pypi.org/simple" }
sdist = { url = "https://files.pythonhosted.org/packages/f3/31/5ef342de9faee0f3801088946ae103db9b9eaeba3d6a64fefd5ce74df244/pyqt5_sip-12.18.0.tar.gz", hash = "sha256:71c37db75a0664325de149f43e2a712ec5fa1f90429a21dafbca005cb6767f94", size = 104143, upload-time = "2026-01-13T15:53:19.576Z" }
wheels = [
    { url = "https://files.pythonhosted.org/packages/2a/61/6d78d702016ac23d2b97634a3b6a831c3f7735f0552a1c8b058db96005d1/pyqt5_sip-12.18.0-cp312-cp312-macosx_10_9_universal2.whl", hash = "sha256:b29e4cda24748e59e5bd1bdad4812091a86b4b5b08c38b7f781eb55a5166f2b7", size = 124614, upload-time = "2026-01-13T15:52:57.59Z" },
    { url = "https://files.pythonhosted.org/packages/19/bf/8f3efa10ddd3e76c1253865340ab7c2960ef96681d732b1f666c77430612/pyqt5_sip-12.18.0-cp312-cp312-manylinux1_x86_64.manylinux_2_5_x86_64.whl", hash = "sha256:163c2bba5e637c2222ec17d82a2c5aa158184a191923eb7d137cf4cfa0399529", size = 339412, upload-time = "2026-01-13T15:53:00.563Z" },
    { url = "https://files.pythonhosted.org/packages/72/48/f1bcf6729d01bae6729cd790b22fd579dbe34014e8be031e6f10c5b9b2aa/pyqt5_sip-12.18.0-cp312-cp312-manylinux_2_5_x86_64.manylinux1_x86_64.whl", hash = "sha256:ead5e0a64ad852ac60797989d8444a6a5bd834768536b04a07b40b2937d922f6", size = 282376, upload-time = "2026-01-13T15:52:59.172Z" },
    { url = "https://files.pythonhosted.org/packages/dd/b7/d84c764ac9f1366be561255ec9bd88ee224fefdbdb349aee250f3003f0ca/pyqt5_sip-12.18.0-cp312-cp312-win32.whl", hash = "sha256:993fe3ed9a62a92e770f32d5344e3df56c2cacf1471f01b7feaf04818a2df1c4", size = 49523, upload-time = "2026-01-13T15:53:03.068Z" },
    { url = "https://files.pythonhosted.org/packages/ab/e7/ef87178d5afa5f63be38556dc0df8af89f9bf74f2555f4dab6824c0fd150/pyqt5_sip-12.18.0-cp312-cp312-win_amd64.whl", hash = "sha256:9b689e02e400abd1ce0a30cd6eae8eceabcf1bbba0395cb5c86e64ba74351d68", size = 58001, upload-time = "2026-01-13T15:53:02.15Z" },
    { url = "https://files.pythonhosted.org/packages/79/67/8d43d0fea10ff48ddecc8534aead8b855dc80df80653b8b1bf9e1f993063/pyqt5_sip-12.18.0-cp313-cp313-macosx_10_13_universal2.whl", hash = "sha256:9254e5dd7676b76503ba20edcc919e7ac4a97b6c70a6fb2f9dba9e13b4c60509", size = 124605, upload-time = "2026-01-13T15:53:04.991Z" },
    { url = "https://files.pythonhosted.org/packages/48/2a/b08bc8efeb49c50c6cdac11417dc2c8eaefcac2f0a6382eae7b26dc0f232/pyqt5_sip-12.18.0-cp313-cp313-manylinux1_x86_64.manylinux_2_5_x86_64.whl", hash = "sha256:c969631ada7293a81e1012b2264a62d69a91995b517586489dfe24421b87b9af", size = 339918, upload-time = "2026-01-13T15:53:08.502Z" },
    { url = "https://files.pythonhosted.org/packages/b6/99/24f82437b2f073cf39296b7c731b6a8bc0f5207911fdd93841a0ea9abe42/pyqt5_sip-12.18.0-cp313-cp313-manylinux_2_5_x86_64.manylinux1_x86_64.whl", hash = "sha256:d84ac384a63285132e67762c87681191c25e28a1df7560287ec3889d9eb223b5", size = 282088, upload-time = "2026-01-13T15:53:06.632Z" },
    { url = "https://files.pythonhosted.org/packages/3e/27/20d3924943df34361fae9c6a0489ae89d0b07571693245c61678d185e4a4/pyqt5_sip-12.18.0-cp313-cp313-win32.whl", hash = "sha256:95bba4670ecf5cba73958b85aa2087c17838a402ed251c38e68060c7665c998b", size = 49501, upload-time = "2026-01-13T15:53:11.159Z" },
    { url = "https://files.pythonhosted.org/packages/3f/36/e251623c12968730730512a9e5150430e36246afbe64894610190b896f61/pyqt5_sip-12.18.0-cp313-cp313-win_amd64.whl", hash = "sha256:aac4adc37df2f2ac1dc259409be1900f07332d140a12c9db7c84112cef64ff59", size = 58076, upload-time = "2026-01-13T15:53:09.928Z" },
    { url = "https://files.pythonhosted.org/packages/37/3a/b46a0116b1aacbb6156b2957eb5cb928c94b49f4626eb2540ca8d16ee757/pyqt5_sip-12.18.0-cp314-cp314-macosx_10_15_universal2.whl", hash = "sha256:8372ec8704bfd5e09942d0d055a1657eb4f702f4b30847a5e59df0496f99d67f", size = 124594, upload-time = "2026-01-13T15:53:13.159Z" },
    { url = "https://files.pythonhosted.org/packages/58/63/df3037f11391c25c5b0ab233d22e58b8f056cb1ce16d7ecadb844421ce75/pyqt5_sip-12.18.0-cp314-cp314-manylinux1_x86_64.manylinux_2_5_x86_64.whl", hash = "sha256:fdb45c7cd2af7eccd7370b994d432bfc7965079f845392760724f26771bb59dc", size = 339056, upload-time = "2026-01-13T15:53:16.558Z" },
    { url = "https://files.pythonhosted.org/packages/f5/e7/4f96b84520b8f8b7502682fd43f68f63ca6572b5858f56e5f61c76a54fe2/pyqt5_sip-12.18.0-cp314-cp314-manylinux_2_5_x86_64.manylinux1_x86_64.whl", hash = "sha256:92abe984becbde768954d6d0951f56d80a9868d2fd9e738e61fc944f0ff83dd6", size = 282439, upload-time = "2026-01-13T15:53:14.856Z" },
    { url = "https://files.pythonhosted.org/packages/79/8e/ccdf20d373ceba83e1d1b7f818505c375208ffde4a96376dc7dbe592406c/pyqt5_sip-12.18.0-cp314-cp314-win32.whl", hash = "sha256:bd9e3c6f81346f1b08d6db02305cdee20c009b43aa083d44ee2de47a7da0e123", size = 50713, upload-time = "2026-01-13T15:53:18.634Z" },
    { url = "https://files.pythonhosted.org/packages/7f/21/8486ed45977be615ec5371b24b47298b1cb0e1a455b419eddd0215078dba/pyqt5_sip-12.18.0-cp314-cp314-win_amd64.whl", hash = "sha256:6d948f1be619c645cd3bda54952bfdc1aef7c79242dccea6a6858748e61114b9", size = 59622, upload-time = "2026-01-13T15:53:17.714Z" },
]

[[package]]
name = "remotezip"
version = "0.12.3"
source = { registry = "https://pypi.org/simple" }
dependencies = [
    { name = "requests" },
]
sdist = { url = "https://files.pythonhosted.org/packages/fa/8d/908ad46bff752568a409ee6ac797c3c6817501db06f142989e3208414569/remotezip-0.12.3.tar.gz", hash = "sha256:bf1ebe2be9f07a6e1c14d0e52ecffccd7a3e808dff4f9ba523c5e84d867a3fe3", size = 7835, upload-time = "2024-02-26T19:51:04.917Z" }
wheels = [
    { url = "https://files.pythonhosted.org/packages/7b/18/22316545b712dbed0119c7d3b8683a566c7da26353e344a4188b99f12692/remotezip-0.12.3-py3-none-any.whl", hash = "sha256:f70a4026879439ecb0a2cf848a7c176ae5ee142bbe51ec69e3344e150b2a52de", size = 8099, upload-time = "2024-02-26T19:51:02.968Z" },
]

[[package]]
name = "requests"
version = "2.32.5"
source = { registry = "https://pypi.org/simple" }
dependencies = [
    { name = "certifi" },
    { name = "charset-normalizer" },
    { name = "idna" },
    { name = "urllib3" },
]
sdist = { url = "https://files.pythonhosted.org/packages/c9/74/b3ff8e6c8446842c3f5c837e9c3dfcfe2018ea6ecef224c710c85ef728f4/requests-2.32.5.tar.gz", hash = "sha256:dbba0bac56e100853db0ea71b82b4dfd5fe2bf6d3754a8893c3af500cec7d7cf", size = 134517, upload-time = "2025-08-18T20:46:02.573Z" }
wheels = [
    { url = "https://files.pythonhosted.org/packages/1e/db/4254e3eabe8020b458f1a747140d32277ec7a271daf1d235b70dc0b4e6e3/requests-2.32.5-py3-none-any.whl", hash = "sha256:2462f94637a34fd532264295e186976db0f5d453d1cdd31473c85a6a161affb6", size = 64738, upload-time = "2025-08-18T20:46:00.542Z" },
]

[[package]]
name = "ruff"
version = "0.15.7"
source = { registry = "https://pypi.org/simple" }
sdist = { url = "https://files.pythonhosted.org/packages/a1/22/9e4f66ee588588dc6c9af6a994e12d26e19efbe874d1a909d09a6dac7a59/ruff-0.15.7.tar.gz", hash = "sha256:04f1ae61fc20fe0b148617c324d9d009b5f63412c0b16474f3d5f1a1a665f7ac", size = 4601277, upload-time = "2026-03-19T16:26:22.605Z" }
wheels = [
    { url = "https://files.pythonhosted.org/packages/41/2f/0b08ced94412af091807b6119ca03755d651d3d93a242682bf020189db94/ruff-0.15.7-py3-none-linux_armv6l.whl", hash = "sha256:a81cc5b6910fb7dfc7c32d20652e50fa05963f6e13ead3c5915c41ac5d16668e", size = 10489037, upload-time = "2026-03-19T16:26:32.47Z" },
    { url = "https://files.pythonhosted.org/packages/91/4a/82e0fa632e5c8b1eba5ee86ecd929e8ff327bbdbfb3c6ac5d81631bef605/ruff-0.15.7-py3-none-macosx_10_12_x86_64.whl", hash = "sha256:722d165bd52403f3bdabc0ce9e41fc47070ac56d7a91b4e0d097b516a53a3477", size = 10955433, upload-time = "2026-03-19T16:27:00.205Z" },
    { url = "https://files.pythonhosted.org/packages/ab/10/12586735d0ff42526ad78c049bf51d7428618c8b5c467e72508c694119df/ruff-0.15.7-py3-none-macosx_11_0_arm64.whl", hash = "sha256:7fbc2448094262552146cbe1b9643a92f66559d3761f1ad0656d4991491af49e", size = 10269302, upload-time = "2026-03-19T16:26:26.183Z" },
    { url = "https://files.pythonhosted.org/packages/eb/5d/32b5c44ccf149a26623671df49cbfbd0a0ae511ff3df9d9d2426966a8d57/ruff-0.15.7-py3-none-manylinux_2_17_aarch64.manylinux2014_aarch64.whl", hash = "sha256:6b39329b60eba44156d138275323cc726bbfbddcec3063da57caa8a8b1d50adf", size = 10607625, upload-time = "2026-03-19T16:27:03.263Z" },
    { url = "https://files.pythonhosted.org/packages/5d/f1/f0001cabe86173aaacb6eb9bb734aa0605f9a6aa6fa7d43cb49cbc4af9c9/ruff-0.15.7-py3-none-manylinux_2_17_armv7l.manylinux2014_armv7l.whl", hash = "sha256:87768c151808505f2bfc93ae44e5f9e7c8518943e5074f76ac21558ef5627c85", size = 10324743, upload-time = "2026-03-19T16:27:09.791Z" },
    { url = "https://files.pythonhosted.org/packages/7a/87/b8a8f3d56b8d848008559e7c9d8bf367934d5367f6d932ba779456e2f73b/ruff-0.15.7-py3-none-manylinux_2_17_i686.manylinux2014_i686.whl", hash = "sha256:fb0511670002c6c529ec66c0e30641c976c8963de26a113f3a30456b702468b0", size = 11138536, upload-time = "2026-03-19T16:27:06.101Z" },
    { url = "https://files.pythonhosted.org/packages/e4/f2/4fd0d05aab0c5934b2e1464784f85ba2eab9d54bffc53fb5430d1ed8b829/ruff-0.15.7-py3-none-manylinux_2_17_ppc64le.manylinux2014_ppc64le.whl", hash = "sha256:e0d19644f801849229db8345180a71bee5407b429dd217f853ec515e968a6912", size = 11994292, upload-time = "2026-03-19T16:26:48.718Z" },
    { url = "https://files.pythonhosted.org/packages/64/22/fc4483871e767e5e95d1622ad83dad5ebb830f762ed0420fde7dfa9d9b08/ruff-0.15.7-py3-none-manylinux_2_17_s390x.manylinux2014_s390x.whl", hash = "sha256:4806d8e09ef5e84eb19ba833d0442f7e300b23fe3f0981cae159a248a10f0036", size = 11398981, upload-time = "2026-03-19T16:26:54.513Z" },
    { url = "https://files.pythonhosted.org/packages/b0/99/66f0343176d5eab02c3f7fcd2de7a8e0dd7a41f0d982bee56cd1c24db62b/ruff-0.15.7-py3-none-manylinux_2_17_x86_64.manylinux2014_x86_64.whl", hash = "sha256:dce0896488562f09a27b9c91b1f58a097457143931f3c4d519690dea54e624c5", size = 11242422, upload-time = "2026-03-19T16:26:29.277Z" },
    { url = "https://files.pythonhosted.org/packages/5d/3a/a7060f145bfdcce4c987ea27788b30c60e2c81d6e9a65157ca8afe646328/ruff-0.15.7-py3-none-manylinux_2_31_riscv64.whl", hash = "sha256:1852ce241d2bc89e5dc823e03cff4ce73d816b5c6cdadd27dbfe7b03217d2a12", size = 11232158, upload-time = "2026-03-19T16:26:42.321Z" },
    { url = "https://files.pythonhosted.org/packages/a7/53/90fbb9e08b29c048c403558d3cdd0adf2668b02ce9d50602452e187cd4af/ruff-0.15.7-py3-none-musllinux_1_2_aarch64.whl", hash = "sha256:5f3e4b221fb4bd293f79912fc5e93a9063ebd6d0dcbd528f91b89172a9b8436c", size = 10577861, upload-time = "2026-03-19T16:26:57.459Z" },
    { url = "https://files.pythonhosted.org/packages/2f/aa/5f486226538fe4d0f0439e2da1716e1acf895e2a232b26f2459c55f8ddad/ruff-0.15.7-py3-none-musllinux_1_2_armv7l.whl", hash = "sha256:b15e48602c9c1d9bdc504b472e90b90c97dc7d46c7028011ae67f3861ceba7b4", size = 10327310, upload-time = "2026-03-19T16:26:35.909Z" },
    { url = "https://files.pythonhosted.org/packages/99/9e/271afdffb81fe7bfc8c43ba079e9d96238f674380099457a74ccb3863857/ruff-0.15.7-py3-none-musllinux_1_2_i686.whl", hash = "sha256:1b4705e0e85cedc74b0a23cf6a179dbb3df184cb227761979cc76c0440b5ab0d", size = 10840752, upload-time = "2026-03-19T16:26:45.723Z" },
    { url = "https://files.pythonhosted.org/packages/bf/29/a4ae78394f76c7759953c47884eb44de271b03a66634148d9f7d11e721bd/ruff-0.15.7-py3-none-musllinux_1_2_x86_64.whl", hash = "sha256:112c1fa316a558bb34319282c1200a8bf0495f1b735aeb78bfcb2991e6087580", size = 11336961, upload-time = "2026-03-19T16:26:39.076Z" },
    { url = "https://files.pythonhosted.org/packages/26/6b/8786ba5736562220d588a2f6653e6c17e90c59ced34a2d7b512ef8956103/ruff-0.15.7-py3-none-win32.whl", hash = "sha256:6d39e2d3505b082323352f733599f28169d12e891f7dd407f2d4f54b4c2886de", size = 10582538, upload-time = "2026-03-19T16:26:15.992Z" },
    { url = "https://files.pythonhosted.org/packages/2b/e9/346d4d3fffc6871125e877dae8d9a1966b254fbd92a50f8561078b88b099/ruff-0.15.7-py3-none-win_amd64.whl", hash = "sha256:4d53d712ddebcd7dace1bc395367aec12c057aacfe9adbb6d832302575f4d3a1", size = 11755839, upload-time = "2026-03-19T16:26:19.897Z" },
    { url = "https://files.pythonhosted.org/packages/8f/e8/726643a3ea68c727da31570bde48c7a10f1aa60eddd628d94078fec586ff/ruff-0.15.7-py3-none-win_arm64.whl", hash = "sha256:18e8d73f1c3fdf27931497972250340f92e8c861722161a9caeb89a58ead6ed2", size = 11023304, upload-time = "2026-03-19T16:26:51.669Z" },
]

[[package]]
name = "urllib3"
version = "2.6.3"
source = { registry = "https://pypi.org/simple" }
sdist = { url = "https://files.pythonhosted.org/packages/c7/24/5f1b3bdffd70275f6661c76461e25f024d5a38a46f04aaca912426a2b1d3/urllib3-2.6.3.tar.gz", hash = "sha256:1b62b6884944a57dbe321509ab94fd4d3b307075e0c2eae991ac71ee15ad38ed", size = 435556, upload-time = "2026-01-07T16:24:43.925Z" }
wheels = [
    { url = "https://files.pythonhosted.org/packages/39/08/aaaad47bc4e9dc8c725e68f9d04865dbcb2052843ff09c97b08904852d84/urllib3-2.6.3-py3-none-any.whl", hash = "sha256:bf272323e553dfb2e87d9bfd225ca7b0f467b919d7bbd355436d3fd37cb0acd4", size = 131584, upload-time = "2026-01-07T16:24:42.685Z" },
]

[[package]]
name = "xiaomi-flashable-firmware-creator"
version = "2.2.14"
source = { registry = "https://pypi.org/simple" }
resolution-markers = [
    "python_full_version < '3.13'",
]
dependencies = [
    { name = "protobuf", marker = "python_full_version < '3.13'" },
    { name = "remotezip", marker = "python_full_version < '3.13'" },
]
sdist = { url = "https://files.pythonhosted.org/packages/e5/9c/cdaf4b4ab2f193f84aae5ca7fd0210e1185721954e867b5a25cb1c3cfa23/xiaomi_flashable_firmware_creator-2.2.14.tar.gz", hash = "sha256:d8088fea0630804ad105108bb3cd619fede7b5dadf9b3ff4da90b73394889917", size = 175106, upload-time = "2024-10-30T15:08:30.851Z" }
wheels = [
    { url = "https://files.pythonhosted.org/packages/ce/29/abc1e5e65e6cef942d353ca9809ca5e9ed72e793cc515673fd9e80dc3f56/xiaomi_flashable_firmware_creator-2.2.14-py3-none-any.whl", hash = "sha256:1e37d3371f4a126abee4cc40124c403dad7d1f726e5acafc581fcfd06b8a8b62", size = 191112, upload-time = "2024-10-30T15:08:28.255Z" },
]

[[package]]
name = "xiaomi-flashable-firmware-creator"
version = "2.3.1"
source = { registry = "https://pypi.org/simple" }
resolution-markers = [
    "python_full_version >= '3.13'",
]
dependencies = [
    { name = "remotezip", marker = "python_full_version >= '3.13'" },
]
sdist = { url = "https://files.pythonhosted.org/packages/e9/21/5411daddc87891a53eb062c0498a5b127bcfe04f3cafb9762d3c644a195b/xiaomi_flashable_firmware_creator-2.3.1.tar.gz", hash = "sha256:a1257bb4ccc735c828061cc176ccbe38c53135a8216e36425a6863a248fac751", size = 260344, upload-time = "2025-10-04T15:31:57.167Z" }
wheels = [
    { url = "https://files.pythonhosted.org/packages/7f/a8/bb180ca1061c9debeea5668d24e5ecc13e86443c70ac07ad69497337fa74/xiaomi_flashable_firmware_creator-2.3.1-py3-none-any.whl", hash = "sha256:880f6c0b3a38f14f778ace5f579bc21fb57cf7f327121595276a3e4a5363cfd0", size = 280853, upload-time = "2025-10-04T15:31:56.15Z" },
]

[[package]]
name = "xiaomi-flashable-firmware-creator-gui"
version = "2.3.18"
source = { editable = "." }
dependencies = [
    { name = "pyqt5" },
    { name = "xiaomi-flashable-firmware-creator", version = "2.2.14", source = { registry = "https://pypi.org/simple" }, marker = "python_full_version < '3.13'" },
    { name = "xiaomi-flashable-firmware-creator", version = "2.3.1", source = { registry = "https://pypi.org/simple" }, marker = "python_full_version >= '3.13'" },
]

[package.dev-dependencies]
dev = [
    { name = "ruff" },
]

[package.metadata]
requires-dist = [
    { name = "pyqt5", specifier = ">=5.15.11" },
    { name = "xiaomi-flashable-firmware-creator", specifier = ">=2.2.14" },
]

[package.metadata.requires-dev]
dev = [{ name = "ruff", specifier = ">=0.7.1" }]
