version = 1
revision = 1
requires-python = ">=3.12"

[[package]]
name = "certifi"
version = "2025.1.31"
source = { registry = "https://pypi.org/simple" }
sdist = { url = "https://files.pythonhosted.org/packages/1c/ab/c9f1e32b7b1bf505bf26f0ef697775960db7932abeb7b516de930ba2705f/certifi-2025.1.31.tar.gz", hash = "sha256:3d5da6925056f6f18f119200434a4780a94263f10d1c21d032a6f6b2baa20651", size = 167577 }
wheels = [
    { url = "https://files.pythonhosted.org/packages/38/fc/bce832fd4fd99766c04d1ee0eead6b0ec6486fb100ae5e74c1d91292b982/certifi-2025.1.31-py3-none-any.whl", hash = "sha256:ca78db4565a652026a4db2bcdf68f2fb589ea80d0be70e03929ed730746b84fe", size = 166393 },
]

[[package]]
name = "charset-normalizer"
version = "3.4.1"
source = { registry = "https://pypi.org/simple" }
sdist = { url = "https://files.pythonhosted.org/packages/16/b0/572805e227f01586461c80e0fd25d65a2115599cc9dad142fee4b747c357/charset_normalizer-3.4.1.tar.gz", hash = "sha256:44251f18cd68a75b56585dd00dae26183e102cd5e0f9f1466e6df5da2ed64ea3", size = 123188 }
wheels = [
    { url = "https://files.pythonhosted.org/packages/0a/9a/dd1e1cdceb841925b7798369a09279bd1cf183cef0f9ddf15a3a6502ee45/charset_normalizer-3.4.1-cp312-cp312-macosx_10_13_universal2.whl", hash = "sha256:73d94b58ec7fecbc7366247d3b0b10a21681004153238750bb67bd9012414545", size = 196105 },
    { url = "https://files.pythonhosted.org/packages/d3/8c/90bfabf8c4809ecb648f39794cf2a84ff2e7d2a6cf159fe68d9a26160467/charset_normalizer-3.4.1-cp312-cp312-manylinux_2_17_aarch64.manylinux2014_aarch64.whl", hash = "sha256:dad3e487649f498dd991eeb901125411559b22e8d7ab25d3aeb1af367df5efd7", size = 140404 },
    { url = "https://files.pythonhosted.org/packages/ad/8f/e410d57c721945ea3b4f1a04b74f70ce8fa800d393d72899f0a40526401f/charset_normalizer-3.4.1-cp312-cp312-manylinux_2_17_ppc64le.manylinux2014_ppc64le.whl", hash = "sha256:c30197aa96e8eed02200a83fba2657b4c3acd0f0aa4bdc9f6c1af8e8962e0757", size = 150423 },
    { url = "https://files.pythonhosted.org/packages/f0/b8/e6825e25deb691ff98cf5c9072ee0605dc2acfca98af70c2d1b1bc75190d/charset_normalizer-3.4.1-cp312-cp312-manylinux_2_17_s390x.manylinux2014_s390x.whl", hash = "sha256:2369eea1ee4a7610a860d88f268eb39b95cb588acd7235e02fd5a5601773d4fa", size = 143184 },
    { url = "https://files.pythonhosted.org/packages/3e/a2/513f6cbe752421f16d969e32f3583762bfd583848b763913ddab8d9bfd4f/charset_normalizer-3.4.1-cp312-cp312-manylinux_2_17_x86_64.manylinux2014_x86_64.whl", hash = "sha256:bc2722592d8998c870fa4e290c2eec2c1569b87fe58618e67d38b4665dfa680d", size = 145268 },
    { url = "https://files.pythonhosted.org/packages/74/94/8a5277664f27c3c438546f3eb53b33f5b19568eb7424736bdc440a88a31f/charset_normalizer-3.4.1-cp312-cp312-manylinux_2_5_i686.manylinux1_i686.manylinux_2_17_i686.manylinux2014_i686.whl", hash = "sha256:ffc9202a29ab3920fa812879e95a9e78b2465fd10be7fcbd042899695d75e616", size = 147601 },
    { url = "https://files.pythonhosted.org/packages/7c/5f/6d352c51ee763623a98e31194823518e09bfa48be2a7e8383cf691bbb3d0/charset_normalizer-3.4.1-cp312-cp312-musllinux_1_2_aarch64.whl", hash = "sha256:804a4d582ba6e5b747c625bf1255e6b1507465494a40a2130978bda7b932c90b", size = 141098 },
    { url = "https://files.pythonhosted.org/packages/78/d4/f5704cb629ba5ab16d1d3d741396aec6dc3ca2b67757c45b0599bb010478/charset_normalizer-3.4.1-cp312-cp312-musllinux_1_2_i686.whl", hash = "sha256:0f55e69f030f7163dffe9fd0752b32f070566451afe180f99dbeeb81f511ad8d", size = 149520 },
    { url = "https://files.pythonhosted.org/packages/c5/96/64120b1d02b81785f222b976c0fb79a35875457fa9bb40827678e54d1bc8/charset_normalizer-3.4.1-cp312-cp312-musllinux_1_2_ppc64le.whl", hash = "sha256:c4c3e6da02df6fa1410a7680bd3f63d4f710232d3139089536310d027950696a", size = 152852 },
    { url = "https://files.pythonhosted.org/packages/84/c9/98e3732278a99f47d487fd3468bc60b882920cef29d1fa6ca460a1fdf4e6/charset_normalizer-3.4.1-cp312-cp312-musllinux_1_2_s390x.whl", hash = "sha256:5df196eb874dae23dcfb968c83d4f8fdccb333330fe1fc278ac5ceeb101003a9", size = 150488 },
    { url = "https://files.pythonhosted.org/packages/13/0e/9c8d4cb99c98c1007cc11eda969ebfe837bbbd0acdb4736d228ccaabcd22/charset_normalizer-3.4.1-cp312-cp312-musllinux_1_2_x86_64.whl", hash = "sha256:e358e64305fe12299a08e08978f51fc21fac060dcfcddd95453eabe5b93ed0e1", size = 146192 },
    { url = "https://files.pythonhosted.org/packages/b2/21/2b6b5b860781a0b49427309cb8670785aa543fb2178de875b87b9cc97746/charset_normalizer-3.4.1-cp312-cp312-win32.whl", hash = "sha256:9b23ca7ef998bc739bf6ffc077c2116917eabcc901f88da1b9856b210ef63f35", size = 95550 },
    { url = "https://files.pythonhosted.org/packages/21/5b/1b390b03b1d16c7e382b561c5329f83cc06623916aab983e8ab9239c7d5c/charset_normalizer-3.4.1-cp312-cp312-win_amd64.whl", hash = "sha256:6ff8a4a60c227ad87030d76e99cd1698345d4491638dfa6673027c48b3cd395f", size = 102785 },
    { url = "https://files.pythonhosted.org/packages/38/94/ce8e6f63d18049672c76d07d119304e1e2d7c6098f0841b51c666e9f44a0/charset_normalizer-3.4.1-cp313-cp313-macosx_10_13_universal2.whl", hash = "sha256:aabfa34badd18f1da5ec1bc2715cadc8dca465868a4e73a0173466b688f29dda", size = 195698 },
    { url = "https://files.pythonhosted.org/packages/24/2e/dfdd9770664aae179a96561cc6952ff08f9a8cd09a908f259a9dfa063568/charset_normalizer-3.4.1-cp313-cp313-manylinux_2_17_aarch64.manylinux2014_aarch64.whl", hash = "sha256:22e14b5d70560b8dd51ec22863f370d1e595ac3d024cb8ad7d308b4cd95f8313", size = 140162 },
    { url = "https://files.pythonhosted.org/packages/24/4e/f646b9093cff8fc86f2d60af2de4dc17c759de9d554f130b140ea4738ca6/charset_normalizer-3.4.1-cp313-cp313-manylinux_2_17_ppc64le.manylinux2014_ppc64le.whl", hash = "sha256:8436c508b408b82d87dc5f62496973a1805cd46727c34440b0d29d8a2f50a6c9", size = 150263 },
    { url = "https://files.pythonhosted.org/packages/5e/67/2937f8d548c3ef6e2f9aab0f6e21001056f692d43282b165e7c56023e6dd/charset_normalizer-3.4.1-cp313-cp313-manylinux_2_17_s390x.manylinux2014_s390x.whl", hash = "sha256:2d074908e1aecee37a7635990b2c6d504cd4766c7bc9fc86d63f9c09af3fa11b", size = 142966 },
    { url = "https://files.pythonhosted.org/packages/52/ed/b7f4f07de100bdb95c1756d3a4d17b90c1a3c53715c1a476f8738058e0fa/charset_normalizer-3.4.1-cp313-cp313-manylinux_2_17_x86_64.manylinux2014_x86_64.whl", hash = "sha256:955f8851919303c92343d2f66165294848d57e9bba6cf6e3625485a70a038d11", size = 144992 },
    { url = "https://files.pythonhosted.org/packages/96/2c/d49710a6dbcd3776265f4c923bb73ebe83933dfbaa841c5da850fe0fd20b/charset_normalizer-3.4.1-cp313-cp313-manylinux_2_5_i686.manylinux1_i686.manylinux_2_17_i686.manylinux2014_i686.whl", hash = "sha256:44ecbf16649486d4aebafeaa7ec4c9fed8b88101f4dd612dcaf65d5e815f837f", size = 147162 },
    { url = "https://files.pythonhosted.org/packages/b4/41/35ff1f9a6bd380303dea55e44c4933b4cc3c4850988927d4082ada230273/charset_normalizer-3.4.1-cp313-cp313-musllinux_1_2_aarch64.whl", hash = "sha256:0924e81d3d5e70f8126529951dac65c1010cdf117bb75eb02dd12339b57749dd", size = 140972 },
    { url = "https://files.pythonhosted.org/packages/fb/43/c6a0b685fe6910d08ba971f62cd9c3e862a85770395ba5d9cad4fede33ab/charset_normalizer-3.4.1-cp313-cp313-musllinux_1_2_i686.whl", hash = "sha256:2967f74ad52c3b98de4c3b32e1a44e32975e008a9cd2a8cc8966d6a5218c5cb2", size = 149095 },
    { url = "https://files.pythonhosted.org/packages/4c/ff/a9a504662452e2d2878512115638966e75633519ec11f25fca3d2049a94a/charset_normalizer-3.4.1-cp313-cp313-musllinux_1_2_ppc64le.whl", hash = "sha256:c75cb2a3e389853835e84a2d8fb2b81a10645b503eca9bcb98df6b5a43eb8886", size = 152668 },
    { url = "https://files.pythonhosted.org/packages/6c/71/189996b6d9a4b932564701628af5cee6716733e9165af1d5e1b285c530ed/charset_normalizer-3.4.1-cp313-cp313-musllinux_1_2_s390x.whl", hash = "sha256:09b26ae6b1abf0d27570633b2b078a2a20419c99d66fb2823173d73f188ce601", size = 150073 },
    { url = "https://files.pythonhosted.org/packages/e4/93/946a86ce20790e11312c87c75ba68d5f6ad2208cfb52b2d6a2c32840d922/charset_normalizer-3.4.1-cp313-cp313-musllinux_1_2_x86_64.whl", hash = "sha256:fa88b843d6e211393a37219e6a1c1df99d35e8fd90446f1118f4216e307e48cd", size = 145732 },
    { url = "https://files.pythonhosted.org/packages/cd/e5/131d2fb1b0dddafc37be4f3a2fa79aa4c037368be9423061dccadfd90091/charset_normalizer-3.4.1-cp313-cp313-win32.whl", hash = "sha256:eb8178fe3dba6450a3e024e95ac49ed3400e506fd4e9e5c32d30adda88cbd407", size = 95391 },
    { url = "https://files.pythonhosted.org/packages/27/f2/4f9a69cc7712b9b5ad8fdb87039fd89abba997ad5cbe690d1835d40405b0/charset_normalizer-3.4.1-cp313-cp313-win_amd64.whl", hash = "sha256:b1ac5992a838106edb89654e0aebfc24f5848ae2547d22c2c3f66454daa11971", size = 102702 },
    { url = "https://files.pythonhosted.org/packages/0e/f6/65ecc6878a89bb1c23a086ea335ad4bf21a588990c3f535a227b9eea9108/charset_normalizer-3.4.1-py3-none-any.whl", hash = "sha256:d98b1668f06378c6dbefec3b92299716b931cd4e6061f3c875a71ced1780ab85", size = 49767 },
]

[[package]]
name = "idna"
version = "3.10"
source = { registry = "https://pypi.org/simple" }
sdist = { url = "https://files.pythonhosted.org/packages/f1/70/7703c29685631f5a7590aa73f1f1d3fa9a380e654b86af429e0934a32f7d/idna-3.10.tar.gz", hash = "sha256:12f65c9b470abda6dc35cf8e63cc574b1c52b11df2c86030af0ac09b01b13ea9", size = 190490 }
wheels = [
    { url = "https://files.pythonhosted.org/packages/76/c6/c88e154df9c4e1a2a66ccf0005a88dfb2650c1dffb6f5ce603dfbd452ce3/idna-3.10-py3-none-any.whl", hash = "sha256:946d195a0d259cbba61165e88e65941f16e9b36ea6ddb97f00452bae8b1287d3", size = 70442 },
]

[[package]]
name = "protobuf"
version = "5.29.4"
source = { registry = "https://pypi.org/simple" }
sdist = { url = "https://files.pythonhosted.org/packages/17/7d/b9dca7365f0e2c4fa7c193ff795427cfa6290147e5185ab11ece280a18e7/protobuf-5.29.4.tar.gz", hash = "sha256:4f1dfcd7997b31ef8f53ec82781ff434a28bf71d9102ddde14d076adcfc78c99", size = 424902 }
wheels = [
    { url = "https://files.pythonhosted.org/packages/9a/b2/043a1a1a20edd134563699b0e91862726a0dc9146c090743b6c44d798e75/protobuf-5.29.4-cp310-abi3-win32.whl", hash = "sha256:13eb236f8eb9ec34e63fc8b1d6efd2777d062fa6aaa68268fb67cf77f6839ad7", size = 422709 },
    { url = "https://files.pythonhosted.org/packages/79/fc/2474b59570daa818de6124c0a15741ee3e5d6302e9d6ce0bdfd12e98119f/protobuf-5.29.4-cp310-abi3-win_amd64.whl", hash = "sha256:bcefcdf3976233f8a502d265eb65ea740c989bacc6c30a58290ed0e519eb4b8d", size = 434506 },
    { url = "https://files.pythonhosted.org/packages/46/de/7c126bbb06aa0f8a7b38aaf8bd746c514d70e6a2a3f6dd460b3b7aad7aae/protobuf-5.29.4-cp38-abi3-macosx_10_9_universal2.whl", hash = "sha256:307ecba1d852ec237e9ba668e087326a67564ef83e45a0189a772ede9e854dd0", size = 417826 },
    { url = "https://files.pythonhosted.org/packages/a2/b5/bade14ae31ba871a139aa45e7a8183d869efe87c34a4850c87b936963261/protobuf-5.29.4-cp38-abi3-manylinux2014_aarch64.whl", hash = "sha256:aec4962f9ea93c431d5714ed1be1c93f13e1a8618e70035ba2b0564d9e633f2e", size = 319574 },
    { url = "https://files.pythonhosted.org/packages/46/88/b01ed2291aae68b708f7d334288ad5fb3e7aa769a9c309c91a0d55cb91b0/protobuf-5.29.4-cp38-abi3-manylinux2014_x86_64.whl", hash = "sha256:d7d3f7d1d5a66ed4942d4fefb12ac4b14a29028b209d4bfb25c68ae172059922", size = 319672 },
    { url = "https://files.pythonhosted.org/packages/12/fb/a586e0c973c95502e054ac5f81f88394f24ccc7982dac19c515acd9e2c93/protobuf-5.29.4-py3-none-any.whl", hash = "sha256:3fde11b505e1597f71b875ef2fc52062b6a9740e5f7c8997ce878b6009145862", size = 172551 },
]

[[package]]
name = "pyqt5"
version = "5.15.11"
source = { registry = "https://pypi.org/simple" }
dependencies = [
    { name = "pyqt5-qt5" },
    { name = "pyqt5-sip" },
]
sdist = { url = "https://files.pythonhosted.org/packages/0e/07/c9ed0bd428df6f87183fca565a79fee19fa7c88c7f00a7f011ab4379e77a/PyQt5-5.15.11.tar.gz", hash = "sha256:fda45743ebb4a27b4b1a51c6d8ef455c4c1b5d610c90d2934c7802b5c1557c52", size = 3216775 }
wheels = [
    { url = "https://files.pythonhosted.org/packages/11/64/42ec1b0bd72d87f87bde6ceb6869f444d91a2d601f2e67cd05febc0346a1/PyQt5-5.15.11-cp38-abi3-macosx_11_0_arm64.whl", hash = "sha256:c8b03dd9380bb13c804f0bdb0f4956067f281785b5e12303d529f0462f9afdc2", size = 6579776 },
    { url = "https://files.pythonhosted.org/packages/49/f5/3fb696f4683ea45d68b7e77302eff173493ac81e43d63adb60fa760b9f91/PyQt5-5.15.11-cp38-abi3-macosx_11_0_x86_64.whl", hash = "sha256:6cd75628f6e732b1ffcfe709ab833a0716c0445d7aec8046a48d5843352becb6", size = 7016415 },
    { url = "https://files.pythonhosted.org/packages/b4/8c/4065950f9d013c4b2e588fe33cf04e564c2322842d84dbcbce5ba1dc28b0/PyQt5-5.15.11-cp38-abi3-manylinux_2_17_x86_64.whl", hash = "sha256:cd672a6738d1ae33ef7d9efa8e6cb0a1525ecf53ec86da80a9e1b6ec38c8d0f1", size = 8188103 },
    { url = "https://files.pythonhosted.org/packages/f3/f0/ae5a5b4f9b826b29ea4be841b2f2d951bcf5ae1d802f3732b145b57c5355/PyQt5-5.15.11-cp38-abi3-win32.whl", hash = "sha256:76be0322ceda5deecd1708a8d628e698089a1cea80d1a49d242a6d579a40babd", size = 5433308 },
    { url = "https://files.pythonhosted.org/packages/56/d5/68eb9f3d19ce65df01b6c7b7a577ad3bbc9ab3a5dd3491a4756e71838ec9/PyQt5-5.15.11-cp38-abi3-win_amd64.whl", hash = "sha256:bdde598a3bb95022131a5c9ea62e0a96bd6fb28932cc1619fd7ba211531b7517", size = 6865864 },
]

[[package]]
name = "pyqt5-qt5"
version = "5.15.16"
source = { registry = "https://pypi.org/simple" }
wheels = [
    { url = "https://files.pythonhosted.org/packages/2f/97/ef77663fb5d61b65f2e93edc135cc0b86724c1fc610c10a6867ae0c0baff/PyQt5_Qt5-5.15.16-1-py3-none-manylinux2014_x86_64.whl", hash = "sha256:2cfa8f50dd29618ef98f29355f83d8a5f3e41003be22128e9b5d94d214b6b468", size = 61080044 },
    { url = "https://files.pythonhosted.org/packages/ff/89/65a4b9c6bc89012182ff46bf8e503a8aa5e5570df7cb628211c93012beca/PyQt5_Qt5-5.15.16-py3-none-macosx_10_13_x86_64.whl", hash = "sha256:18b6fec012de60921fcb131cf2a21368171dc29050d43e4b81a64be407a36105", size = 39957063 },
    { url = "https://files.pythonhosted.org/packages/0a/60/b6db285c87666b02aa11d0946d7bb381d8bdcc815cc5aa61fa91272b321b/PyQt5_Qt5-5.15.16-py3-none-macosx_11_0_arm64.whl", hash = "sha256:e1a0e7ae35a7615c74a293705204579650930486a89af23082462f429dae504a", size = 37122434 },
    { url = "https://files.pythonhosted.org/packages/dc/1a/c4f861c4d7a9844a207b8bc3aa9dd84c51f823784d405469cde83d736cf1/PyQt5_Qt5-5.15.16-py3-none-manylinux2014_x86_64.whl", hash = "sha256:5ee1754a6460849cba76c0f0c490c0ccc3b514abc780b141cf772db22b76b54b", size = 59854452 },
]

[[package]]
name = "pyqt5-sip"
version = "12.17.0"
source = { registry = "https://pypi.org/simple" }
sdist = { url = "https://files.pythonhosted.org/packages/01/79/086b50414bafa71df494398ad277d72e58229a3d1c1b1c766d12b14c2e6d/pyqt5_sip-12.17.0.tar.gz", hash = "sha256:682dadcdbd2239af9fdc0c0628e2776b820e128bec88b49b8d692fe682f90b4f", size = 104042 }
wheels = [
    { url = "https://files.pythonhosted.org/packages/a3/e6/e51367c28d69b5a462f38987f6024e766fd8205f121fe2f4d8ba2a6886b9/PyQt5_sip-12.17.0-cp312-cp312-macosx_10_9_universal2.whl", hash = "sha256:ea08341c8a5da00c81df0d689ecd4ee47a95e1ecad9e362581c92513f2068005", size = 124650 },
    { url = "https://files.pythonhosted.org/packages/64/3b/e6d1f772b41d8445d6faf86cc9da65910484ebd9f7df83abc5d4955437d0/PyQt5_sip-12.17.0-cp312-cp312-manylinux_2_5_x86_64.manylinux1_x86_64.whl", hash = "sha256:4a92478d6808040fbe614bb61500fbb3f19f72714b99369ec28d26a7e3494115", size = 281893 },
    { url = "https://files.pythonhosted.org/packages/ed/c5/d17fc2ddb9156a593710c88afd98abcf4055a2224b772f8bec2c6eea879c/PyQt5_sip-12.17.0-cp312-cp312-win32.whl", hash = "sha256:b0ff280b28813e9bfd3a4de99490739fc29b776dc48f1c849caca7239a10fc8b", size = 49438 },
    { url = "https://files.pythonhosted.org/packages/fe/c5/1174988d52c732d07033cf9a5067142b01d76be7731c6394a64d5c3ef65c/PyQt5_sip-12.17.0-cp312-cp312-win_amd64.whl", hash = "sha256:54c31de7706d8a9a8c0fc3ea2c70468aba54b027d4974803f8eace9c22aad41c", size = 58017 },
    { url = "https://files.pythonhosted.org/packages/fd/5d/f234e505af1a85189310521447ebc6052ebb697efded850d0f2b2555f7aa/PyQt5_sip-12.17.0-cp313-cp313-macosx_10_13_universal2.whl", hash = "sha256:c7a7ff355e369616b6bcb41d45b742327c104b2bf1674ec79b8d67f8f2fa9543", size = 124580 },
    { url = "https://files.pythonhosted.org/packages/cd/cb/3b2050e9644d0021bdf25ddf7e4c3526e1edd0198879e76ba308e5d44faf/PyQt5_sip-12.17.0-cp313-cp313-manylinux_2_5_x86_64.manylinux1_x86_64.whl", hash = "sha256:419b9027e92b0b707632c370cfc6dc1f3b43c6313242fc4db57a537029bd179c", size = 281563 },
    { url = "https://files.pythonhosted.org/packages/51/61/b8ebde7e0b32d0de44c521a0ace31439885b0423d7d45d010a2f7d92808c/PyQt5_sip-12.17.0-cp313-cp313-win32.whl", hash = "sha256:351beab964a19f5671b2a3e816ecf4d3543a99a7e0650f88a947fea251a7589f", size = 49383 },
    { url = "https://files.pythonhosted.org/packages/15/ed/ff94d6b2910e7627380cb1fc9a518ff966e6d78285c8e54c9422b68305db/PyQt5_sip-12.17.0-cp313-cp313-win_amd64.whl", hash = "sha256:672c209d05661fab8e17607c193bf43991d268a1eefbc2c4551fbf30fd8bb2ca", size = 58022 },
]

[[package]]
name = "remotezip"
version = "0.12.3"
source = { registry = "https://pypi.org/simple" }
dependencies = [
    { name = "requests" },
]
sdist = { url = "https://files.pythonhosted.org/packages/fa/8d/908ad46bff752568a409ee6ac797c3c6817501db06f142989e3208414569/remotezip-0.12.3.tar.gz", hash = "sha256:bf1ebe2be9f07a6e1c14d0e52ecffccd7a3e808dff4f9ba523c5e84d867a3fe3", size = 7835 }
wheels = [
    { url = "https://files.pythonhosted.org/packages/7b/18/22316545b712dbed0119c7d3b8683a566c7da26353e344a4188b99f12692/remotezip-0.12.3-py3-none-any.whl", hash = "sha256:f70a4026879439ecb0a2cf848a7c176ae5ee142bbe51ec69e3344e150b2a52de", size = 8099 },
]

[[package]]
name = "requests"
version = "2.32.3"
source = { registry = "https://pypi.org/simple" }
dependencies = [
    { name = "certifi" },
    { name = "charset-normalizer" },
    { name = "idna" },
    { name = "urllib3" },
]
sdist = { url = "https://files.pythonhosted.org/packages/63/70/2bf7780ad2d390a8d301ad0b550f1581eadbd9a20f896afe06353c2a2913/requests-2.32.3.tar.gz", hash = "sha256:55365417734eb18255590a9ff9eb97e9e1da868d4ccd6402399eaf68af20a760", size = 131218 }
wheels = [
    { url = "https://files.pythonhosted.org/packages/f9/9b/335f9764261e915ed497fcdeb11df5dfd6f7bf257d4a6a2a686d80da4d54/requests-2.32.3-py3-none-any.whl", hash = "sha256:70761cfe03c773ceb22aa2f671b4757976145175cdfca038c02654d061d6dcc6", size = 64928 },
]

[[package]]
name = "ruff"
version = "0.11.5"
source = { registry = "https://pypi.org/simple" }
sdist = { url = "https://files.pythonhosted.org/packages/45/71/5759b2a6b2279bb77fe15b1435b89473631c2cd6374d45ccdb6b785810be/ruff-0.11.5.tar.gz", hash = "sha256:cae2e2439cb88853e421901ec040a758960b576126dab520fa08e9de431d1bef", size = 3976488 }
wheels = [
    { url = "https://files.pythonhosted.org/packages/23/db/6efda6381778eec7f35875b5cbefd194904832a1153d68d36d6b269d81a8/ruff-0.11.5-py3-none-linux_armv6l.whl", hash = "sha256:2561294e108eb648e50f210671cc56aee590fb6167b594144401532138c66c7b", size = 10103150 },
    { url = "https://files.pythonhosted.org/packages/44/f2/06cd9006077a8db61956768bc200a8e52515bf33a8f9b671ee527bb10d77/ruff-0.11.5-py3-none-macosx_10_12_x86_64.whl", hash = "sha256:ac12884b9e005c12d0bd121f56ccf8033e1614f736f766c118ad60780882a077", size = 10898637 },
    { url = "https://files.pythonhosted.org/packages/18/f5/af390a013c56022fe6f72b95c86eb7b2585c89cc25d63882d3bfe411ecf1/ruff-0.11.5-py3-none-macosx_11_0_arm64.whl", hash = "sha256:4bfd80a6ec559a5eeb96c33f832418bf0fb96752de0539905cf7b0cc1d31d779", size = 10236012 },
    { url = "https://files.pythonhosted.org/packages/b8/ca/b9bf954cfed165e1a0c24b86305d5c8ea75def256707f2448439ac5e0d8b/ruff-0.11.5-py3-none-manylinux_2_17_aarch64.manylinux2014_aarch64.whl", hash = "sha256:0947c0a1afa75dcb5db4b34b070ec2bccee869d40e6cc8ab25aca11a7d527794", size = 10415338 },
    { url = "https://files.pythonhosted.org/packages/d9/4d/2522dde4e790f1b59885283f8786ab0046958dfd39959c81acc75d347467/ruff-0.11.5-py3-none-manylinux_2_17_armv7l.manylinux2014_armv7l.whl", hash = "sha256:ad871ff74b5ec9caa66cb725b85d4ef89b53f8170f47c3406e32ef040400b038", size = 9965277 },
    { url = "https://files.pythonhosted.org/packages/e5/7a/749f56f150eef71ce2f626a2f6988446c620af2f9ba2a7804295ca450397/ruff-0.11.5-py3-none-manylinux_2_17_i686.manylinux2014_i686.whl", hash = "sha256:e6cf918390cfe46d240732d4d72fa6e18e528ca1f60e318a10835cf2fa3dc19f", size = 11541614 },
    { url = "https://files.pythonhosted.org/packages/89/b2/7d9b8435222485b6aac627d9c29793ba89be40b5de11584ca604b829e960/ruff-0.11.5-py3-none-manylinux_2_17_ppc64.manylinux2014_ppc64.whl", hash = "sha256:56145ee1478582f61c08f21076dc59153310d606ad663acc00ea3ab5b2125f82", size = 12198873 },
    { url = "https://files.pythonhosted.org/packages/00/e0/a1a69ef5ffb5c5f9c31554b27e030a9c468fc6f57055886d27d316dfbabd/ruff-0.11.5-py3-none-manylinux_2_17_ppc64le.manylinux2014_ppc64le.whl", hash = "sha256:e5f66f8f1e8c9fc594cbd66fbc5f246a8d91f916cb9667e80208663ec3728304", size = 11670190 },
    { url = "https://files.pythonhosted.org/packages/05/61/c1c16df6e92975072c07f8b20dad35cd858e8462b8865bc856fe5d6ccb63/ruff-0.11.5-py3-none-manylinux_2_17_s390x.manylinux2014_s390x.whl", hash = "sha256:80b4df4d335a80315ab9afc81ed1cff62be112bd165e162b5eed8ac55bfc8470", size = 13902301 },
    { url = "https://files.pythonhosted.org/packages/79/89/0af10c8af4363304fd8cb833bd407a2850c760b71edf742c18d5a87bb3ad/ruff-0.11.5-py3-none-manylinux_2_17_x86_64.manylinux2014_x86_64.whl", hash = "sha256:3068befab73620b8a0cc2431bd46b3cd619bc17d6f7695a3e1bb166b652c382a", size = 11350132 },
    { url = "https://files.pythonhosted.org/packages/b9/e1/ecb4c687cbf15164dd00e38cf62cbab238cad05dd8b6b0fc68b0c2785e15/ruff-0.11.5-py3-none-musllinux_1_2_aarch64.whl", hash = "sha256:f5da2e710a9641828e09aa98b92c9ebbc60518fdf3921241326ca3e8f8e55b8b", size = 10312937 },
    { url = "https://files.pythonhosted.org/packages/cf/4f/0e53fe5e500b65934500949361e3cd290c5ba60f0324ed59d15f46479c06/ruff-0.11.5-py3-none-musllinux_1_2_armv7l.whl", hash = "sha256:ef39f19cb8ec98cbc762344921e216f3857a06c47412030374fffd413fb8fd3a", size = 9936683 },
    { url = "https://files.pythonhosted.org/packages/04/a8/8183c4da6d35794ae7f76f96261ef5960853cd3f899c2671961f97a27d8e/ruff-0.11.5-py3-none-musllinux_1_2_i686.whl", hash = "sha256:b2a7cedf47244f431fd11aa5a7e2806dda2e0c365873bda7834e8f7d785ae159", size = 10950217 },
    { url = "https://files.pythonhosted.org/packages/26/88/9b85a5a8af21e46a0639b107fcf9bfc31da4f1d263f2fc7fbe7199b47f0a/ruff-0.11.5-py3-none-musllinux_1_2_x86_64.whl", hash = "sha256:81be52e7519f3d1a0beadcf8e974715b2dfc808ae8ec729ecfc79bddf8dbb783", size = 11404521 },
    { url = "https://files.pythonhosted.org/packages/fc/52/047f35d3b20fd1ae9ccfe28791ef0f3ca0ef0b3e6c1a58badd97d450131b/ruff-0.11.5-py3-none-win32.whl", hash = "sha256:e268da7b40f56e3eca571508a7e567e794f9bfcc0f412c4b607931d3af9c4afe", size = 10320697 },
    { url = "https://files.pythonhosted.org/packages/b9/fe/00c78010e3332a6e92762424cf4c1919065707e962232797d0b57fd8267e/ruff-0.11.5-py3-none-win_amd64.whl", hash = "sha256:6c6dc38af3cfe2863213ea25b6dc616d679205732dc0fb673356c2d69608f800", size = 11378665 },
    { url = "https://files.pythonhosted.org/packages/43/7c/c83fe5cbb70ff017612ff36654edfebec4b1ef79b558b8e5fd933bab836b/ruff-0.11.5-py3-none-win_arm64.whl", hash = "sha256:67e241b4314f4eacf14a601d586026a962f4002a475aa702c69980a38087aa4e", size = 10460287 },
]

[[package]]
name = "urllib3"
version = "2.4.0"
source = { registry = "https://pypi.org/simple" }
sdist = { url = "https://files.pythonhosted.org/packages/8a/78/16493d9c386d8e60e442a35feac5e00f0913c0f4b7c217c11e8ec2ff53e0/urllib3-2.4.0.tar.gz", hash = "sha256:414bc6535b787febd7567804cc015fee39daab8ad86268f1310a9250697de466", size = 390672 }
wheels = [
    { url = "https://files.pythonhosted.org/packages/6b/11/cc635220681e93a0183390e26485430ca2c7b5f9d33b15c74c2861cb8091/urllib3-2.4.0-py3-none-any.whl", hash = "sha256:4e16665048960a0900c702d4a66415956a584919c03361cac9f1df5c5dd7e813", size = 128680 },
]

[[package]]
name = "xiaomi-flashable-firmware-creator"
version = "2.2.14"
source = { registry = "https://pypi.org/simple" }
dependencies = [
    { name = "protobuf" },
    { name = "remotezip" },
]
sdist = { url = "https://files.pythonhosted.org/packages/e5/9c/cdaf4b4ab2f193f84aae5ca7fd0210e1185721954e867b5a25cb1c3cfa23/xiaomi_flashable_firmware_creator-2.2.14.tar.gz", hash = "sha256:d8088fea0630804ad105108bb3cd619fede7b5dadf9b3ff4da90b73394889917", size = 175106 }
wheels = [
    { url = "https://files.pythonhosted.org/packages/ce/29/abc1e5e65e6cef942d353ca9809ca5e9ed72e793cc515673fd9e80dc3f56/xiaomi_flashable_firmware_creator-2.2.14-py3-none-any.whl", hash = "sha256:1e37d3371f4a126abee4cc40124c403dad7d1f726e5acafc581fcfd06b8a8b62", size = 191112 },
]

[[package]]
name = "xiaomi-flashable-firmware-creator-gui"
version = "2.3.18"
source = { editable = "." }
dependencies = [
    { name = "pyqt5" },
    { name = "xiaomi-flashable-firmware-creator" },
]

[package.dev-dependencies]
dev = [
    { name = "ruff" },
]

[package.metadata]
requires-dist = [
    { name = "pyqt5", specifier = ">=5.15.11" },
    { name = "xiaomi-flashable-firmware-creator", specifier = ">=2.2.14" },
]

[package.metadata.requires-dev]
dev = [{ name = "ruff", specifier = ">=0.7.1" }]
